{
  "pins" : [
    {
      "identity" : "lottie-ios",
      "kind" : "remoteSourceControl",
      "location" : "https://github.com/airbnb/lottie-ios.git",
      "state" : {
        "revision" : "d6feea26a370019b4d3a85f5984cb95a2734776f",
        "version" : "4.2.0"
      }
    },
    {
      "identity" : "nativepartialsheet",
      "kind" : "remoteSourceControl",
      "location" : "https://github.com/CoolONEOfficial/NativePartialSheet.git",
      "state" : {
        "revision" : "af982461bd837fd48b674b5fbaf7edfe41b0d034",
        "version" : "2.0.2"
      }
    }
  ],
  "version" : 2
}
