// !$*UTF8*$!
{
	archiveVersion = 1;
	classes = {
	};
	objectVersion = 56;
	objects = {

/* Begin PBXBuildFile section */
		63024F0C29EFDFB70074A52D /* MainOutBreakInfoView.swift in Sources */ = {isa = PBXBuildFile; fileRef = 63024F0B29EFDFB70074A52D /* MainOutBreakInfoView.swift */; };
		63024F0F29EFE76B0074A52D /* GroupBoxModifier.swift in Sources */ = {isa = PBXBuildFile; fileRef = 63024F0E29EFE76B0074A52D /* GroupBoxModifier.swift */; };
		63027B002A2DD31F00630CDC /* DiagnosisResultView.swift in Sources */ = {isa = PBXBuildFile; fileRef = 63027AFF2A2DD31F00630CDC /* DiagnosisResultView.swift */; };
		630500832A1B5EF0007BF769 /* AlbumPickerView.swift in Sources */ = {isa = PBXBuildFile; fileRef = 630500822A1B5EF0007BF769 /* AlbumPickerView.swift */; };
		630500852A1B5F45007BF769 /* PHPickerView.swift in Sources */ = {isa = PBXBuildFile; fileRef = 630500842A1B5F45007BF769 /* PHPickerView.swift */; };
		630500882A1B5F7A007BF769 /* CropViewController in Frameworks */ = {isa = PBXBuildFile; productRef = 630500872A1B5F7A007BF769 /* CropViewController */; };
		6305008A2A1B5FCF007BF769 /* CropperView.swift in Sources */ = {isa = PBXBuildFile; fileRef = 630500892A1B5FCF007BF769 /* CropperView.swift */; };
		6305008D2A1B7172007BF769 /* ImageAppearView.swift in Sources */ = {isa = PBXBuildFile; fileRef = 6305008C2A1B7172007BF769 /* ImageAppearView.swift */; };
		630500912A1B751C007BF769 /* ImageAppeaerBtnView.swift in Sources */ = {isa = PBXBuildFile; fileRef = 630500902A1B751C007BF769 /* ImageAppeaerBtnView.swift */; };
		6310E1672A0E44BC0071326C /* LocationService.swift in Sources */ = {isa = PBXBuildFile; fileRef = 6310E1662A0E44BC0071326C /* LocationService.swift */; };
		63127C462A24E80A00D2962C /* MapItem.swift in Sources */ = {isa = PBXBuildFile; fileRef = 63127C452A24E80A00D2962C /* MapItem.swift */; };
		63127C482A24E89D00D2962C /* SickType.swift in Sources */ = {isa = PBXBuildFile; fileRef = 63127C472A24E89D00D2962C /* SickType.swift */; };
		63127C492A251D0000D2962C /* DaumMap.framework in Frameworks */ = {isa = PBXBuildFile; fileRef = 632473632A0396E7005D7C7E /* DaumMap.framework */; };
		63127C4C2A251D0300D2962C /* CoreLocation.framework in Frameworks */ = {isa = PBXBuildFile; fileRef = 632D3F9E2A03894800DC1783 /* CoreLocation.framework */; };
		63139C382A221DAA000CDBBA /* ExpertMainView.swift in Sources */ = {isa = PBXBuildFile; fileRef = 63139C372A221DAA000CDBBA /* ExpertMainView.swift */; };
		63139C3A2A22220E000CDBBA /* ExpertMailView.swift in Sources */ = {isa = PBXBuildFile; fileRef = 63139C392A22220E000CDBBA /* ExpertMailView.swift */; };
		63139C3C2A223FD9000CDBBA /* InquiryRouter.swift in Sources */ = {isa = PBXBuildFile; fileRef = 63139C3B2A223FD9000CDBBA /* InquiryRouter.swift */; };
		6314BD132A1F9CB200FDC9E9 /* RefreshResponse.swift in Sources */ = {isa = PBXBuildFile; fileRef = 6314BD122A1F9CB200FDC9E9 /* RefreshResponse.swift */; };
		63201F1429E97AFD00EB5D4E /* MainRequestBtn.swift in Sources */ = {isa = PBXBuildFile; fileRef = 63201F1329E97AFD00EB5D4E /* MainRequestBtn.swift */; };
		6320EAB52A29E45E00558362 /* DisclosureGroupExtension.swift in Sources */ = {isa = PBXBuildFile; fileRef = 6320EAB42A29E45E00558362 /* DisclosureGroupExtension.swift */; };
		6320EAB72A29F6D600558362 /* PesticideListView.swift in Sources */ = {isa = PBXBuildFile; fileRef = 6320EAB62A29F6D600558362 /* PesticideListView.swift */; };
		6320EAB92A29F70B00558362 /* PesticideListItem.swift in Sources */ = {isa = PBXBuildFile; fileRef = 6320EAB82A29F70B00558362 /* PesticideListItem.swift */; };
		6320EABB2A2A015700558362 /* PesticideDetailSheet.swift in Sources */ = {isa = PBXBuildFile; fileRef = 6320EABA2A2A015700558362 /* PesticideDetailSheet.swift */; };
		63255F392A2FA7E7008EF09D /* DiseaseInfoVM.swift in Sources */ = {isa = PBXBuildFile; fileRef = 63255F382A2FA7E7008EF09D /* DiseaseInfoVM.swift */; };
		63255F3C2A2FAB41008EF09D /* DiseaseInfoModel.swift in Sources */ = {isa = PBXBuildFile; fileRef = 63255F3B2A2FAB41008EF09D /* DiseaseInfoModel.swift */; };
		632680682A2CA91200B23E35 /* CM_GridItemView.swift in Sources */ = {isa = PBXBuildFile; fileRef = 632680672A2CA91200B23E35 /* CM_GridItemView.swift */; };
		6326806A2A2CAA3600B23E35 /* CM_CateListView.swift in Sources */ = {isa = PBXBuildFile; fileRef = 632680692A2CAA3600B23E35 /* CM_CateListView.swift */; };
		632D3F542A03870800DC1783 /* MapMainView.swift in Sources */ = {isa = PBXBuildFile; fileRef = 632D3F532A03870800DC1783 /* MapMainView.swift */; };
		632D3FA12A03894F00DC1783 /* QuartzCore.framework in Frameworks */ = {isa = PBXBuildFile; fileRef = 632D3FA02A03894F00DC1783 /* QuartzCore.framework */; };
		632D3FA32A03895C00DC1783 /* libc++.tbd in Frameworks */ = {isa = PBXBuildFile; fileRef = 632D3FA22A03895C00DC1783 /* libc++.tbd */; };
		632D3FA52A03896800DC1783 /* libxml2.tbd in Frameworks */ = {isa = PBXBuildFile; fileRef = 632D3FA42A03896800DC1783 /* libxml2.tbd */; };
		632D3FA72A03897200DC1783 /* libsqlite3.tbd in Frameworks */ = {isa = PBXBuildFile; fileRef = 632D3FA62A03897200DC1783 /* libsqlite3.tbd */; };
		632D3FA92A03898500DC1783 /* SystemConfiguration.framework in Frameworks */ = {isa = PBXBuildFile; fileRef = 632D3FA82A03898500DC1783 /* SystemConfiguration.framework */; };
		632D3FAD2A038AC900DC1783 /* KakaoMapVCWrapper.swift in Sources */ = {isa = PBXBuildFile; fileRef = 632D3FAC2A038AC900DC1783 /* KakaoMapVCWrapper.swift */; };
		63325A4929F0EFC000CF3A48 /* CustomSegmentView.swift in Sources */ = {isa = PBXBuildFile; fileRef = 63325A4829F0EFC000CF3A48 /* CustomSegmentView.swift */; };
		63325A4B29F0F5E300CF3A48 /* ViewExtension.swift in Sources */ = {isa = PBXBuildFile; fileRef = 63325A4A29F0F5E300CF3A48 /* ViewExtension.swift */; };
		63325A4D29F0FC7B00CF3A48 /* CornerRoundedView.swift in Sources */ = {isa = PBXBuildFile; fileRef = 63325A4C29F0FC7B00CF3A48 /* CornerRoundedView.swift */; };
		63325A5029F1006500CF3A48 /* SearchMainView.swift in Sources */ = {isa = PBXBuildFile; fileRef = 63325A4F29F1006400CF3A48 /* SearchMainView.swift */; };
		63325A5429F2576900CF3A48 /* TitleLeaf.json in Resources */ = {isa = PBXBuildFile; fileRef = 63325A5229F2576900CF3A48 /* TitleLeaf.json */; };
		63325A5529F2576900CF3A48 /* LeafScanning.json in Resources */ = {isa = PBXBuildFile; fileRef = 63325A5329F2576900CF3A48 /* LeafScanning.json */; };
		633CACA72A0B61A000D23033 /* DiagnosisDataService.swift in Sources */ = {isa = PBXBuildFile; fileRef = 633CACA62A0B61A000D23033 /* DiagnosisDataService.swift */; };
		633CACA92A0B68DC00D23033 /* CIImageExtension.swift in Sources */ = {isa = PBXBuildFile; fileRef = 633CACA82A0B68DC00D23033 /* CIImageExtension.swift */; };
		633E650F2A123E9C00E50EC5 /* NativePartialSheet in Frameworks */ = {isa = PBXBuildFile; productRef = 633E650E2A123E9C00E50EC5 /* NativePartialSheet */; };
		633E65112A12446E00E50EC5 /* MapSheetView.swift in Sources */ = {isa = PBXBuildFile; fileRef = 633E65102A12446E00E50EC5 /* MapSheetView.swift */; };
		633F69612A227FAC00FFC891 /* Pesticide.swift in Sources */ = {isa = PBXBuildFile; fileRef = 633F69602A227FAC00FFC891 /* Pesticide.swift */; };
		633F69642A2280BB00FFC891 /* DiseaseDetail.swift in Sources */ = {isa = PBXBuildFile; fileRef = 633F69632A2280BB00FFC891 /* DiseaseDetail.swift */; };
		633F69662A2288D900FFC891 /* DiagnosisDetailView.swift in Sources */ = {isa = PBXBuildFile; fileRef = 633F69652A2288D900FFC891 /* DiagnosisDetailView.swift */; };
		6342FAD22A3053D00021B2EC /* PsisInfoVM.swift in Sources */ = {isa = PBXBuildFile; fileRef = 6342FAD12A3053D00021B2EC /* PsisInfoVM.swift */; };
		6342FAD42A3055400021B2EC /* PsisInfoModel.swift in Sources */ = {isa = PBXBuildFile; fileRef = 6342FAD32A3055400021B2EC /* PsisInfoModel.swift */; };
		6345E9432A0BD7D50023CB4F /* Lottie in Frameworks */ = {isa = PBXBuildFile; productRef = 6345E9422A0BD7D50023CB4F /* Lottie */; };
		6347CBFA29F6E325001B99B6 /* AppManager.swift in Sources */ = {isa = PBXBuildFile; fileRef = 6347CBF929F6E325001B99B6 /* AppManager.swift */; };
		634AE16C2A0B9A86005811FB /* TakenBtnView.swift in Sources */ = {isa = PBXBuildFile; fileRef = 634AE16B2A0B9A86005811FB /* TakenBtnView.swift */; };
		634DB8FB2A27BB7900DED6D7 /* AlamofireExtension.swift in Sources */ = {isa = PBXBuildFile; fileRef = 634DB8FA2A27BB7900DED6D7 /* AlamofireExtension.swift */; };
		63517A1B2A079FFC006DA928 /* OutBreakViewMoel.swift in Sources */ = {isa = PBXBuildFile; fileRef = 63517A1A2A079FFC006DA928 /* OutBreakViewMoel.swift */; };
		63517A1D2A07A6AF006DA928 /* CoinModel.swift in Sources */ = {isa = PBXBuildFile; fileRef = 63517A1C2A07A6AF006DA928 /* CoinModel.swift */; };
		6351AAD42A1E0FFB00B7A370 /* OAuthCredential.swift in Sources */ = {isa = PBXBuildFile; fileRef = 6351AAD32A1E0FFB00B7A370 /* OAuthCredential.swift */; };
		6351AAD62A1E100C00B7A370 /* OAuthAuthenticator.swift in Sources */ = {isa = PBXBuildFile; fileRef = 6351AAD52A1E100C00B7A370 /* OAuthAuthenticator.swift */; };
		6351AAD82A1E258A00B7A370 /* ResponseWrapper.swift in Sources */ = {isa = PBXBuildFile; fileRef = 6351AAD72A1E258A00B7A370 /* ResponseWrapper.swift */; };
		6354344029E850830037D6CD /* LottieView.swift in Sources */ = {isa = PBXBuildFile; fileRef = 6354343F29E850830037D6CD /* LottieView.swift */; };
		6354344629E8552D0037D6CD /* LottieMap.json in Resources */ = {isa = PBXBuildFile; fileRef = 6354344529E8552D0037D6CD /* LottieMap.json */; };
		6356A85C29E95E1B0085206C /* MainMapBtn.swift in Sources */ = {isa = PBXBuildFile; fileRef = 6356A85B29E95E1B0085206C /* MainMapBtn.swift */; };
		6356EB122A20F35B0094BC10 /* DateExtension.swift in Sources */ = {isa = PBXBuildFile; fileRef = 6356EB112A20F35B0094BC10 /* DateExtension.swift */; };
		6357C6FF2A2066A80094162C /* OutbreakItem.swift in Sources */ = {isa = PBXBuildFile; fileRef = 6357C6FE2A2066A80094162C /* OutbreakItem.swift */; };
		6357C7012A2066E80094162C /* OutbreakModel.swift in Sources */ = {isa = PBXBuildFile; fileRef = 6357C7002A2066E80094162C /* OutbreakModel.swift */; };
		635AD49C29E7CA14006F3685 /* UIColorExtension.swift in Sources */ = {isa = PBXBuildFile; fileRef = 635AD49B29E7CA14006F3685 /* UIColorExtension.swift */; };
		636001BF29F3C1B700BC1F7F /* UIScreenExtension.swift in Sources */ = {isa = PBXBuildFile; fileRef = 636001BE29F3C1B700BC1F7F /* UIScreenExtension.swift */; };
		636001C129F3C50500BC1F7F /* Appearances.swift in Sources */ = {isa = PBXBuildFile; fileRef = 636001C029F3C50500BC1F7F /* Appearances.swift */; };
		636D83F229FFAB80003F4347 /* CameraViewModel.swift in Sources */ = {isa = PBXBuildFile; fileRef = 636D83F129FFAB80003F4347 /* CameraViewModel.swift */; };
		636D83F429FFAC2D003F4347 /* Camera_ex.swift in Sources */ = {isa = PBXBuildFile; fileRef = 636D83F329FFAC2D003F4347 /* Camera_ex.swift */; };
		63769E222A1CD5D1005B6C6E /* SignInSheetView.swift in Sources */ = {isa = PBXBuildFile; fileRef = 63769E212A1CD5D1005B6C6E /* SignInSheetView.swift */; };
		637F5AB82A1CE3B100D0A5C2 /* UserModel.swift in Sources */ = {isa = PBXBuildFile; fileRef = 637F5AB72A1CE3B100D0A5C2 /* UserModel.swift */; };
		637F5ABA2A1CF32E00D0A5C2 /* AuthApiService.swift in Sources */ = {isa = PBXBuildFile; fileRef = 637F5AB92A1CF32E00D0A5C2 /* AuthApiService.swift */; };
		6385AE362A07B8B200D6CA76 /* NetworkingManager.swift in Sources */ = {isa = PBXBuildFile; fileRef = 6385AE352A07B8B200D6CA76 /* NetworkingManager.swift */; };
		6385AE382A07C55A00D6CA76 /* CoinImageView.swift in Sources */ = {isa = PBXBuildFile; fileRef = 6385AE372A07C55A00D6CA76 /* CoinImageView.swift */; };
		6385AE3A2A07C56F00D6CA76 /* CoinImageViewModel.swift in Sources */ = {isa = PBXBuildFile; fileRef = 6385AE392A07C56F00D6CA76 /* CoinImageViewModel.swift */; };
		6385AE3C2A07C6C200D6CA76 /* OutbreakDataService.swift in Sources */ = {isa = PBXBuildFile; fileRef = 6385AE3B2A07C6C200D6CA76 /* OutbreakDataService.swift */; };
		6385AE3E2A07C70300D6CA76 /* CoinImageDataService.swift in Sources */ = {isa = PBXBuildFile; fileRef = 6385AE3D2A07C70300D6CA76 /* CoinImageDataService.swift */; };
		63861CAF2A2A367900BB769E /* CM_MainView.swift in Sources */ = {isa = PBXBuildFile; fileRef = 63861CAE2A2A367900BB769E /* CM_MainView.swift */; };
		63861CB22A2A37A900BB769E /* NavTrailingBtn.swift in Sources */ = {isa = PBXBuildFile; fileRef = 63861CB12A2A37A900BB769E /* NavTrailingBtn.swift */; };
		638AEF7C29FBF166004BD2BE /* MainManagementBtn.swift in Sources */ = {isa = PBXBuildFile; fileRef = 638AEF7B29FBF166004BD2BE /* MainManagementBtn.swift */; };
		638AEF7E29FBF433004BD2BE /* MainSearchBtn.swift in Sources */ = {isa = PBXBuildFile; fileRef = 638AEF7D29FBF433004BD2BE /* MainSearchBtn.swift */; };
		638E119129E3F996005CA2EA /* MainView.swift in Sources */ = {isa = PBXBuildFile; fileRef = 638E119029E3F996005CA2EA /* MainView.swift */; };
		63A0306129ED29C500956BD9 /* UIDevice.swift in Sources */ = {isa = PBXBuildFile; fileRef = 63A0306029ED29C500956BD9 /* UIDevice.swift */; };
		63A135A72A018CD0003A0C2D /* Camera.swift in Sources */ = {isa = PBXBuildFile; fileRef = 63A135A62A018CD0003A0C2D /* Camera.swift */; };
		63A4BABC2A13E8A40018E891 /* CropModel.swift in Sources */ = {isa = PBXBuildFile; fileRef = 63A4BABB2A13E8A40018E891 /* CropModel.swift */; };
		63A4BABE2A13EB280018E891 /* TakenPhotoVM.swift in Sources */ = {isa = PBXBuildFile; fileRef = 63A4BABD2A13EB280018E891 /* TakenPhotoVM.swift */; };
		63A582802A1FD22A0007D317 /* SearchMainVM.swift in Sources */ = {isa = PBXBuildFile; fileRef = 63A5827F2A1FD22A0007D317 /* SearchMainVM.swift */; };
		63AA67C42A1F45E800071D00 /* CropInfoRouter.swift in Sources */ = {isa = PBXBuildFile; fileRef = 63AA67C32A1F45E800071D00 /* CropInfoRouter.swift */; };
		63B4492F2A2E3F330010A983 /* ExpertMsgView.swift in Sources */ = {isa = PBXBuildFile; fileRef = 63B4492E2A2E3F330010A983 /* ExpertMsgView.swift */; };
		63B70A442A1C9FA800527D0D /* BorderModifier.swift in Sources */ = {isa = PBXBuildFile; fileRef = 63B70A432A1C9FA800527D0D /* BorderModifier.swift */; };
		63B70A462A1CA21E00527D0D /* SignUpSheetView.swift in Sources */ = {isa = PBXBuildFile; fileRef = 63B70A452A1CA21E00527D0D /* SignUpSheetView.swift */; };
		63B8D93C2A0B35E0004EC7FC /* DiagnosisView.swift in Sources */ = {isa = PBXBuildFile; fileRef = 63B8D93B2A0B35E0004EC7FC /* DiagnosisView.swift */; };
		63B8D93E2A0B3B4B004EC7FC /* DiagnosisVM.swift in Sources */ = {isa = PBXBuildFile; fileRef = 63B8D93D2A0B3B4B004EC7FC /* DiagnosisVM.swift */; };
		63B8D9402A0B3B7D004EC7FC /* DiagnosisModel.swift in Sources */ = {isa = PBXBuildFile; fileRef = 63B8D93F2A0B3B7D004EC7FC /* DiagnosisModel.swift */; };
		63CC701C2A29164E0050589E /* SearchItemView.swift in Sources */ = {isa = PBXBuildFile; fileRef = 63CC701B2A29164E0050589E /* SearchItemView.swift */; };
		63CC701F2A291D1B0050589E /* DiseaseInfoView.swift in Sources */ = {isa = PBXBuildFile; fileRef = 63CC701E2A291D1B0050589E /* DiseaseInfoView.swift */; };
		63D8A07C2A026DA300D2FBFD /* PhotoCollection.swift in Sources */ = {isa = PBXBuildFile; fileRef = 63D8A07B2A026DA300D2FBFD /* PhotoCollection.swift */; };
		63D8A07E2A0273D600D2FBFD /* TakenPhotoView.swift in Sources */ = {isa = PBXBuildFile; fileRef = 63D8A07D2A0273D600D2FBFD /* TakenPhotoView.swift */; };
		63DB82712A1BC11D00842F75 /* PopupView in Frameworks */ = {isa = PBXBuildFile; productRef = 63DB82702A1BC11D00842F75 /* PopupView */; };
		63DC15E829D180ED0062691D /* MyBattApp.swift in Sources */ = {isa = PBXBuildFile; fileRef = 63DC15E729D180ED0062691D /* MyBattApp.swift */; };
		63DC15EA29D180ED0062691D /* ContentView.swift in Sources */ = {isa = PBXBuildFile; fileRef = 63DC15E929D180ED0062691D /* ContentView.swift */; };
		63DC15EC29D180ED0062691D /* Assets.xcassets in Resources */ = {isa = PBXBuildFile; fileRef = 63DC15EB29D180ED0062691D /* Assets.xcassets */; };
		63DC15EF29D180ED0062691D /* Preview Assets.xcassets in Resources */ = {isa = PBXBuildFile; fileRef = 63DC15EE29D180ED0062691D /* Preview Assets.xcassets */; };
		63DC15F629D180FC0062691D /* UploadImageView.swift in Sources */ = {isa = PBXBuildFile; fileRef = 63DC15F529D180FC0062691D /* UploadImageView.swift */; };
		63E173D92A220B89006877EC /* DiagMoreInfoView.swift in Sources */ = {isa = PBXBuildFile; fileRef = 63E173D82A220B89006877EC /* DiagMoreInfoView.swift */; };
		63E173DB2A220DAE006877EC /* MapRouter.swift in Sources */ = {isa = PBXBuildFile; fileRef = 63E173DA2A220DAE006877EC /* MapRouter.swift */; };
		63E173DD2A220F24006877EC /* MapSheetCrop.swift in Sources */ = {isa = PBXBuildFile; fileRef = 63E173DC2A220F24006877EC /* MapSheetCrop.swift */; };
		63E173E02A221713006877EC /* MapDiseaseResponse.swift in Sources */ = {isa = PBXBuildFile; fileRef = 63E173DF2A221713006877EC /* MapDiseaseResponse.swift */; };
		63E3A8C029F3C8B800C5F24D /* CameraView.swift in Sources */ = {isa = PBXBuildFile; fileRef = 63E3A8BF29F3C8B800C5F24D /* CameraView.swift */; };
		63E3A8C229F3C8F900C5F24D /* ViewfinderView.swift in Sources */ = {isa = PBXBuildFile; fileRef = 63E3A8C129F3C8F900C5F24D /* ViewfinderView.swift */; };
		63E5898B29E7DD0A00E38CBB /* ColorExtension.swift in Sources */ = {isa = PBXBuildFile; fileRef = 63E5898A29E7DD0A00E38CBB /* ColorExtension.swift */; };
		63F096F42A134DE3005DA59C /* UserVM.swift in Sources */ = {isa = PBXBuildFile; fileRef = 63F096F32A134DE3005DA59C /* UserVM.swift */; };
		63F096F92A135B1A005DA59C /* CropSelectView.swift in Sources */ = {isa = PBXBuildFile; fileRef = 63F096F82A135B1A005DA59C /* CropSelectView.swift */; };
		63F096FB2A135B37005DA59C /* CropDurationView.swift in Sources */ = {isa = PBXBuildFile; fileRef = 63F096FA2A135B37005DA59C /* CropDurationView.swift */; };
		63F096FD2A135B52005DA59C /* MapSheetVM.swift in Sources */ = {isa = PBXBuildFile; fileRef = 63F096FC2A135B52005DA59C /* MapSheetVM.swift */; };
		63F096FF2A135B82005DA59C /* MapModel.swift in Sources */ = {isa = PBXBuildFile; fileRef = 63F096FE2A135B82005DA59C /* MapModel.swift */; };
		63F097012A135BA2005DA59C /* GroupBoxExtension.swift in Sources */ = {isa = PBXBuildFile; fileRef = 63F097002A135BA2005DA59C /* GroupBoxExtension.swift */; };
		63F20AAB2A175F6E00896597 /* Alamofire in Frameworks */ = {isa = PBXBuildFile; productRef = 63F20AAA2A175F6E00896597 /* Alamofire */; };
		63F20AAE2A17614400896597 /* UserDefaultManager.swift in Sources */ = {isa = PBXBuildFile; fileRef = 63F20AAD2A17614400896597 /* UserDefaultManager.swift */; };
		63F20AB22A17622000896597 /* ApiLogger.swift in Sources */ = {isa = PBXBuildFile; fileRef = 63F20AB12A17622000896597 /* ApiLogger.swift */; };
		63F20AB42A17625400896597 /* ApiClient.swift in Sources */ = {isa = PBXBuildFile; fileRef = 63F20AB32A17625400896597 /* ApiClient.swift */; };
		63F20AB72A17629600896597 /* BaseInterceptor.swift in Sources */ = {isa = PBXBuildFile; fileRef = 63F20AB62A17629600896597 /* BaseInterceptor.swift */; };
		63F20ABA2A17635A00896597 /* AuthAuthenticator.swift in Sources */ = {isa = PBXBuildFile; fileRef = 63F20AB92A17635A00896597 /* AuthAuthenticator.swift */; };
		63F20ABC2A17638700896597 /* AuthCredential.swift in Sources */ = {isa = PBXBuildFile; fileRef = 63F20ABB2A17638700896597 /* AuthCredential.swift */; };
		63F20ABE2A17642E00896597 /* AuthRouter.swift in Sources */ = {isa = PBXBuildFile; fileRef = 63F20ABD2A17642E00896597 /* AuthRouter.swift */; };
		63F20AC02A17644500896597 /* UserRouter.swift in Sources */ = {isa = PBXBuildFile; fileRef = 63F20ABF2A17644500896597 /* UserRouter.swift */; };
		63F20AC32A1764E900896597 /* TokenData.swift in Sources */ = {isa = PBXBuildFile; fileRef = 63F20AC22A1764E900896597 /* TokenData.swift */; };
		63F20AC52A17650100896597 /* UserData.swift in Sources */ = {isa = PBXBuildFile; fileRef = 63F20AC42A17650100896597 /* UserData.swift */; };
		63F20AC72A17652400896597 /* TokenResponse.swift in Sources */ = {isa = PBXBuildFile; fileRef = 63F20AC62A17652400896597 /* TokenResponse.swift */; };
		63F20ACB2A17664000896597 /* OnboardingView.swift in Sources */ = {isa = PBXBuildFile; fileRef = 63F20ACA2A17664000896597 /* OnboardingView.swift */; };
		63F20ACE2A177AEC00896597 /* DiagnosisInfoView.swift in Sources */ = {isa = PBXBuildFile; fileRef = 63F20ACD2A177AEC00896597 /* DiagnosisInfoView.swift */; };
		63F5D3022A26174400D8BB78 /* UIApplicationExtension.swift in Sources */ = {isa = PBXBuildFile; fileRef = 63F5D3012A26174400D8BB78 /* UIApplicationExtension.swift */; };
		63F5D3032A2629D600D8BB78 /* Metal.framework in Frameworks */ = {isa = PBXBuildFile; fileRef = 632473192A038CF0005D7C7E /* Metal.framework */; };
		63F5D3052A262B2800D8BB78 /* BundleExtension.swift in Sources */ = {isa = PBXBuildFile; fileRef = 63F5D3042A262B2800D8BB78 /* BundleExtension.swift */; };
		63F5D3072A262C2D00D8BB78 /* MapQueryModel.swift in Sources */ = {isa = PBXBuildFile; fileRef = 63F5D3062A262C2D00D8BB78 /* MapQueryModel.swift */; };
		63F5D3092A262DC000D8BB78 /* MapQueryDataService.swift in Sources */ = {isa = PBXBuildFile; fileRef = 63F5D3082A262DC000D8BB78 /* MapQueryDataService.swift */; };
		63F5D30B2A269EB900D8BB78 /* AlbumPickerVM.swift in Sources */ = {isa = PBXBuildFile; fileRef = 63F5D30A2A269EB900D8BB78 /* AlbumPickerVM.swift */; };
		63F5D30D2A26D17A00D8BB78 /* SickListResponse.swift in Sources */ = {isa = PBXBuildFile; fileRef = 63F5D30C2A26D17A00D8BB78 /* SickListResponse.swift */; };
		63F7E2D52A040C90006E8B3E /* InfoMainView.swift in Sources */ = {isa = PBXBuildFile; fileRef = 63F7E2D42A040C90006E8B3E /* InfoMainView.swift */; };
/* End PBXBuildFile section */

/* Begin PBXFileReference section */
		63024F0B29EFDFB70074A52D /* MainOutBreakInfoView.swift */ = {isa = PBXFileReference; lastKnownFileType = sourcecode.swift; path = MainOutBreakInfoView.swift; sourceTree = "<group>"; };
		63024F0E29EFE76B0074A52D /* GroupBoxModifier.swift */ = {isa = PBXFileReference; lastKnownFileType = sourcecode.swift; path = GroupBoxModifier.swift; sourceTree = "<group>"; };
		63027AFF2A2DD31F00630CDC /* DiagnosisResultView.swift */ = {isa = PBXFileReference; lastKnownFileType = sourcecode.swift; path = DiagnosisResultView.swift; sourceTree = "<group>"; };
		630500822A1B5EF0007BF769 /* AlbumPickerView.swift */ = {isa = PBXFileReference; lastKnownFileType = sourcecode.swift; path = AlbumPickerView.swift; sourceTree = "<group>"; };
		630500842A1B5F45007BF769 /* PHPickerView.swift */ = {isa = PBXFileReference; lastKnownFileType = sourcecode.swift; path = PHPickerView.swift; sourceTree = "<group>"; };
		630500892A1B5FCF007BF769 /* CropperView.swift */ = {isa = PBXFileReference; lastKnownFileType = sourcecode.swift; path = CropperView.swift; sourceTree = "<group>"; };
		6305008C2A1B7172007BF769 /* ImageAppearView.swift */ = {isa = PBXFileReference; lastKnownFileType = sourcecode.swift; path = ImageAppearView.swift; sourceTree = "<group>"; };
		630500902A1B751C007BF769 /* ImageAppeaerBtnView.swift */ = {isa = PBXFileReference; lastKnownFileType = sourcecode.swift; path = ImageAppeaerBtnView.swift; sourceTree = "<group>"; };
		6310E1662A0E44BC0071326C /* LocationService.swift */ = {isa = PBXFileReference; lastKnownFileType = sourcecode.swift; path = LocationService.swift; sourceTree = "<group>"; };
		63127C452A24E80A00D2962C /* MapItem.swift */ = {isa = PBXFileReference; lastKnownFileType = sourcecode.swift; path = MapItem.swift; sourceTree = "<group>"; };
		63127C472A24E89D00D2962C /* SickType.swift */ = {isa = PBXFileReference; lastKnownFileType = sourcecode.swift; path = SickType.swift; sourceTree = "<group>"; };
		63127C4E2A251D1400D2962C /* OpenGLES.framework */ = {isa = PBXFileReference; lastKnownFileType = wrapper.framework; name = OpenGLES.framework; path = System/Library/Frameworks/OpenGLES.framework; sourceTree = SDKROOT; };
		631332C42A03A0AB00CDE9B3 /* Config.xcconfig */ = {isa = PBXFileReference; lastKnownFileType = text.xcconfig; path = Config.xcconfig; sourceTree = "<group>"; };
		63139C372A221DAA000CDBBA /* ExpertMainView.swift */ = {isa = PBXFileReference; lastKnownFileType = sourcecode.swift; path = ExpertMainView.swift; sourceTree = "<group>"; };
		63139C392A22220E000CDBBA /* ExpertMailView.swift */ = {isa = PBXFileReference; lastKnownFileType = sourcecode.swift; path = ExpertMailView.swift; sourceTree = "<group>"; };
		63139C3B2A223FD9000CDBBA /* InquiryRouter.swift */ = {isa = PBXFileReference; lastKnownFileType = sourcecode.swift; path = InquiryRouter.swift; sourceTree = "<group>"; };
		6314BD122A1F9CB200FDC9E9 /* RefreshResponse.swift */ = {isa = PBXFileReference; lastKnownFileType = sourcecode.swift; path = RefreshResponse.swift; sourceTree = "<group>"; };
		63201F1329E97AFD00EB5D4E /* MainRequestBtn.swift */ = {isa = PBXFileReference; lastKnownFileType = sourcecode.swift; path = MainRequestBtn.swift; sourceTree = "<group>"; };
		6320EAB42A29E45E00558362 /* DisclosureGroupExtension.swift */ = {isa = PBXFileReference; lastKnownFileType = sourcecode.swift; path = DisclosureGroupExtension.swift; sourceTree = "<group>"; };
		6320EAB62A29F6D600558362 /* PesticideListView.swift */ = {isa = PBXFileReference; lastKnownFileType = sourcecode.swift; path = PesticideListView.swift; sourceTree = "<group>"; };
		6320EAB82A29F70B00558362 /* PesticideListItem.swift */ = {isa = PBXFileReference; lastKnownFileType = sourcecode.swift; path = PesticideListItem.swift; sourceTree = "<group>"; };
		6320EABA2A2A015700558362 /* PesticideDetailSheet.swift */ = {isa = PBXFileReference; lastKnownFileType = sourcecode.swift; path = PesticideDetailSheet.swift; sourceTree = "<group>"; };
		632473192A038CF0005D7C7E /* Metal.framework */ = {isa = PBXFileReference; lastKnownFileType = wrapper.framework; name = Metal.framework; path = System/Library/Frameworks/Metal.framework; sourceTree = SDKROOT; };
		6324731B2A038DE9005D7C7E /* KakaoBridging.h */ = {isa = PBXFileReference; lastKnownFileType = sourcecode.c.h; path = KakaoBridging.h; sourceTree = "<group>"; };
		632473632A0396E7005D7C7E /* DaumMap.framework */ = {isa = PBXFileReference; lastKnownFileType = wrapper.framework; name = DaumMap.framework; path = Resources/DaumMap.framework; sourceTree = "<group>"; };
		63255F382A2FA7E7008EF09D /* DiseaseInfoVM.swift */ = {isa = PBXFileReference; lastKnownFileType = sourcecode.swift; path = DiseaseInfoVM.swift; sourceTree = "<group>"; };
		63255F3B2A2FAB41008EF09D /* DiseaseInfoModel.swift */ = {isa = PBXFileReference; lastKnownFileType = sourcecode.swift; path = DiseaseInfoModel.swift; sourceTree = "<group>"; };
		632680672A2CA91200B23E35 /* CM_GridItemView.swift */ = {isa = PBXFileReference; lastKnownFileType = sourcecode.swift; path = CM_GridItemView.swift; sourceTree = "<group>"; };
		632680692A2CAA3600B23E35 /* CM_CateListView.swift */ = {isa = PBXFileReference; lastKnownFileType = sourcecode.swift; path = CM_CateListView.swift; sourceTree = "<group>"; };
		632D3F532A03870800DC1783 /* MapMainView.swift */ = {isa = PBXFileReference; lastKnownFileType = sourcecode.swift; path = MapMainView.swift; sourceTree = "<group>"; };
		632D3F9E2A03894800DC1783 /* CoreLocation.framework */ = {isa = PBXFileReference; lastKnownFileType = wrapper.framework; name = CoreLocation.framework; path = System/Library/Frameworks/CoreLocation.framework; sourceTree = SDKROOT; };
		632D3FA02A03894F00DC1783 /* QuartzCore.framework */ = {isa = PBXFileReference; lastKnownFileType = wrapper.framework; name = QuartzCore.framework; path = System/Library/Frameworks/QuartzCore.framework; sourceTree = SDKROOT; };
		632D3FA22A03895C00DC1783 /* libc++.tbd */ = {isa = PBXFileReference; lastKnownFileType = "sourcecode.text-based-dylib-definition"; name = "libc++.tbd"; path = "usr/lib/libc++.tbd"; sourceTree = SDKROOT; };
		632D3FA42A03896800DC1783 /* libxml2.tbd */ = {isa = PBXFileReference; lastKnownFileType = "sourcecode.text-based-dylib-definition"; name = libxml2.tbd; path = usr/lib/libxml2.tbd; sourceTree = SDKROOT; };
		632D3FA62A03897200DC1783 /* libsqlite3.tbd */ = {isa = PBXFileReference; lastKnownFileType = "sourcecode.text-based-dylib-definition"; name = libsqlite3.tbd; path = usr/lib/libsqlite3.tbd; sourceTree = SDKROOT; };
		632D3FA82A03898500DC1783 /* SystemConfiguration.framework */ = {isa = PBXFileReference; lastKnownFileType = wrapper.framework; name = SystemConfiguration.framework; path = System/Library/Frameworks/SystemConfiguration.framework; sourceTree = SDKROOT; };
		632D3FAC2A038AC900DC1783 /* KakaoMapVCWrapper.swift */ = {isa = PBXFileReference; lastKnownFileType = sourcecode.swift; path = KakaoMapVCWrapper.swift; sourceTree = "<group>"; };
		63325A4829F0EFC000CF3A48 /* CustomSegmentView.swift */ = {isa = PBXFileReference; lastKnownFileType = sourcecode.swift; path = CustomSegmentView.swift; sourceTree = "<group>"; };
		63325A4A29F0F5E300CF3A48 /* ViewExtension.swift */ = {isa = PBXFileReference; lastKnownFileType = sourcecode.swift; path = ViewExtension.swift; sourceTree = "<group>"; };
		63325A4C29F0FC7B00CF3A48 /* CornerRoundedView.swift */ = {isa = PBXFileReference; lastKnownFileType = sourcecode.swift; path = CornerRoundedView.swift; sourceTree = "<group>"; };
		63325A4F29F1006400CF3A48 /* SearchMainView.swift */ = {isa = PBXFileReference; lastKnownFileType = sourcecode.swift; path = SearchMainView.swift; sourceTree = "<group>"; };
		63325A5229F2576900CF3A48 /* TitleLeaf.json */ = {isa = PBXFileReference; fileEncoding = 4; lastKnownFileType = text.json; name = TitleLeaf.json; path = Resources/TitleLeaf.json; sourceTree = SOURCE_ROOT; };
		63325A5329F2576900CF3A48 /* LeafScanning.json */ = {isa = PBXFileReference; fileEncoding = 4; lastKnownFileType = text.json; name = LeafScanning.json; path = Resources/LeafScanning.json; sourceTree = SOURCE_ROOT; };
		633CACA62A0B61A000D23033 /* DiagnosisDataService.swift */ = {isa = PBXFileReference; lastKnownFileType = sourcecode.swift; path = DiagnosisDataService.swift; sourceTree = "<group>"; };
		633CACA82A0B68DC00D23033 /* CIImageExtension.swift */ = {isa = PBXFileReference; lastKnownFileType = sourcecode.swift; path = CIImageExtension.swift; sourceTree = "<group>"; };
		633E65102A12446E00E50EC5 /* MapSheetView.swift */ = {isa = PBXFileReference; lastKnownFileType = sourcecode.swift; path = MapSheetView.swift; sourceTree = "<group>"; };
		633F69602A227FAC00FFC891 /* Pesticide.swift */ = {isa = PBXFileReference; lastKnownFileType = sourcecode.swift; path = Pesticide.swift; sourceTree = "<group>"; };
		633F69632A2280BB00FFC891 /* DiseaseDetail.swift */ = {isa = PBXFileReference; lastKnownFileType = sourcecode.swift; path = DiseaseDetail.swift; sourceTree = "<group>"; };
		633F69652A2288D900FFC891 /* DiagnosisDetailView.swift */ = {isa = PBXFileReference; lastKnownFileType = sourcecode.swift; path = DiagnosisDetailView.swift; sourceTree = "<group>"; };
		6342FAD12A3053D00021B2EC /* PsisInfoVM.swift */ = {isa = PBXFileReference; lastKnownFileType = sourcecode.swift; path = PsisInfoVM.swift; sourceTree = "<group>"; };
		6342FAD32A3055400021B2EC /* PsisInfoModel.swift */ = {isa = PBXFileReference; lastKnownFileType = sourcecode.swift; path = PsisInfoModel.swift; sourceTree = "<group>"; };
		6347CBF929F6E325001B99B6 /* AppManager.swift */ = {isa = PBXFileReference; lastKnownFileType = sourcecode.swift; path = AppManager.swift; sourceTree = "<group>"; };
		634AE16B2A0B9A86005811FB /* TakenBtnView.swift */ = {isa = PBXFileReference; lastKnownFileType = sourcecode.swift; path = TakenBtnView.swift; sourceTree = "<group>"; };
		634DB8FA2A27BB7900DED6D7 /* AlamofireExtension.swift */ = {isa = PBXFileReference; lastKnownFileType = sourcecode.swift; path = AlamofireExtension.swift; sourceTree = "<group>"; };
		63517A1A2A079FFC006DA928 /* OutBreakViewMoel.swift */ = {isa = PBXFileReference; lastKnownFileType = sourcecode.swift; path = OutBreakViewMoel.swift; sourceTree = "<group>"; };
		63517A1C2A07A6AF006DA928 /* CoinModel.swift */ = {isa = PBXFileReference; lastKnownFileType = sourcecode.swift; path = CoinModel.swift; sourceTree = "<group>"; };
		6351AAD32A1E0FFB00B7A370 /* OAuthCredential.swift */ = {isa = PBXFileReference; lastKnownFileType = sourcecode.swift; path = OAuthCredential.swift; sourceTree = "<group>"; };
		6351AAD52A1E100C00B7A370 /* OAuthAuthenticator.swift */ = {isa = PBXFileReference; lastKnownFileType = sourcecode.swift; path = OAuthAuthenticator.swift; sourceTree = "<group>"; };
		6351AAD72A1E258A00B7A370 /* ResponseWrapper.swift */ = {isa = PBXFileReference; lastKnownFileType = sourcecode.swift; path = ResponseWrapper.swift; sourceTree = "<group>"; };
		6354343F29E850830037D6CD /* LottieView.swift */ = {isa = PBXFileReference; lastKnownFileType = sourcecode.swift; path = LottieView.swift; sourceTree = "<group>"; };
		6354344529E8552D0037D6CD /* LottieMap.json */ = {isa = PBXFileReference; fileEncoding = 4; lastKnownFileType = text.json; name = LottieMap.json; path = Resources/LottieMap.json; sourceTree = SOURCE_ROOT; };
		6356A85B29E95E1B0085206C /* MainMapBtn.swift */ = {isa = PBXFileReference; lastKnownFileType = sourcecode.swift; path = MainMapBtn.swift; sourceTree = "<group>"; };
		6356EB112A20F35B0094BC10 /* DateExtension.swift */ = {isa = PBXFileReference; lastKnownFileType = sourcecode.swift; path = DateExtension.swift; sourceTree = "<group>"; };
		6357C6FE2A2066A80094162C /* OutbreakItem.swift */ = {isa = PBXFileReference; lastKnownFileType = sourcecode.swift; path = OutbreakItem.swift; sourceTree = "<group>"; };
		6357C7002A2066E80094162C /* OutbreakModel.swift */ = {isa = PBXFileReference; lastKnownFileType = sourcecode.swift; path = OutbreakModel.swift; sourceTree = "<group>"; };
		635AD49B29E7CA14006F3685 /* UIColorExtension.swift */ = {isa = PBXFileReference; lastKnownFileType = sourcecode.swift; path = UIColorExtension.swift; sourceTree = "<group>"; };
		636001BE29F3C1B700BC1F7F /* UIScreenExtension.swift */ = {isa = PBXFileReference; lastKnownFileType = sourcecode.swift; path = UIScreenExtension.swift; sourceTree = "<group>"; };
		636001C029F3C50500BC1F7F /* Appearances.swift */ = {isa = PBXFileReference; lastKnownFileType = sourcecode.swift; path = Appearances.swift; sourceTree = "<group>"; };
		636D83F129FFAB80003F4347 /* CameraViewModel.swift */ = {isa = PBXFileReference; lastKnownFileType = sourcecode.swift; path = CameraViewModel.swift; sourceTree = "<group>"; };
		636D83F329FFAC2D003F4347 /* Camera_ex.swift */ = {isa = PBXFileReference; lastKnownFileType = sourcecode.swift; path = Camera_ex.swift; sourceTree = "<group>"; };
		63769E212A1CD5D1005B6C6E /* SignInSheetView.swift */ = {isa = PBXFileReference; lastKnownFileType = sourcecode.swift; path = SignInSheetView.swift; sourceTree = "<group>"; };
		637F5AB72A1CE3B100D0A5C2 /* UserModel.swift */ = {isa = PBXFileReference; lastKnownFileType = sourcecode.swift; path = UserModel.swift; sourceTree = "<group>"; };
		637F5AB92A1CF32E00D0A5C2 /* AuthApiService.swift */ = {isa = PBXFileReference; lastKnownFileType = sourcecode.swift; path = AuthApiService.swift; sourceTree = "<group>"; };
		6385AE352A07B8B200D6CA76 /* NetworkingManager.swift */ = {isa = PBXFileReference; lastKnownFileType = sourcecode.swift; path = NetworkingManager.swift; sourceTree = "<group>"; };
		6385AE372A07C55A00D6CA76 /* CoinImageView.swift */ = {isa = PBXFileReference; lastKnownFileType = sourcecode.swift; path = CoinImageView.swift; sourceTree = "<group>"; };
		6385AE392A07C56F00D6CA76 /* CoinImageViewModel.swift */ = {isa = PBXFileReference; lastKnownFileType = sourcecode.swift; path = CoinImageViewModel.swift; sourceTree = "<group>"; };
		6385AE3B2A07C6C200D6CA76 /* OutbreakDataService.swift */ = {isa = PBXFileReference; lastKnownFileType = sourcecode.swift; path = OutbreakDataService.swift; sourceTree = "<group>"; };
		6385AE3D2A07C70300D6CA76 /* CoinImageDataService.swift */ = {isa = PBXFileReference; lastKnownFileType = sourcecode.swift; path = CoinImageDataService.swift; sourceTree = "<group>"; };
		63861CAE2A2A367900BB769E /* CM_MainView.swift */ = {isa = PBXFileReference; lastKnownFileType = sourcecode.swift; path = CM_MainView.swift; sourceTree = "<group>"; };
		63861CB12A2A37A900BB769E /* NavTrailingBtn.swift */ = {isa = PBXFileReference; lastKnownFileType = sourcecode.swift; path = NavTrailingBtn.swift; sourceTree = "<group>"; };
		638AEF7B29FBF166004BD2BE /* MainManagementBtn.swift */ = {isa = PBXFileReference; lastKnownFileType = sourcecode.swift; path = MainManagementBtn.swift; sourceTree = "<group>"; };
		638AEF7D29FBF433004BD2BE /* MainSearchBtn.swift */ = {isa = PBXFileReference; lastKnownFileType = sourcecode.swift; path = MainSearchBtn.swift; sourceTree = "<group>"; };
		638E119029E3F996005CA2EA /* MainView.swift */ = {isa = PBXFileReference; lastKnownFileType = sourcecode.swift; path = MainView.swift; sourceTree = "<group>"; };
		638E119229E3FE77005CA2EA /* Info.plist */ = {isa = PBXFileReference; lastKnownFileType = text.plist.xml; path = Info.plist; sourceTree = "<group>"; };
		63A0306029ED29C500956BD9 /* UIDevice.swift */ = {isa = PBXFileReference; lastKnownFileType = sourcecode.swift; path = UIDevice.swift; sourceTree = "<group>"; };
		63A135A62A018CD0003A0C2D /* Camera.swift */ = {isa = PBXFileReference; lastKnownFileType = sourcecode.swift; path = Camera.swift; sourceTree = "<group>"; };
		63A4BABB2A13E8A40018E891 /* CropModel.swift */ = {isa = PBXFileReference; lastKnownFileType = sourcecode.swift; path = CropModel.swift; sourceTree = "<group>"; };
		63A4BABD2A13EB280018E891 /* TakenPhotoVM.swift */ = {isa = PBXFileReference; lastKnownFileType = sourcecode.swift; path = TakenPhotoVM.swift; sourceTree = "<group>"; };
		63A5827F2A1FD22A0007D317 /* SearchMainVM.swift */ = {isa = PBXFileReference; lastKnownFileType = sourcecode.swift; path = SearchMainVM.swift; sourceTree = "<group>"; };
		63AA67C32A1F45E800071D00 /* CropInfoRouter.swift */ = {isa = PBXFileReference; lastKnownFileType = sourcecode.swift; path = CropInfoRouter.swift; sourceTree = "<group>"; };
		63B4492E2A2E3F330010A983 /* ExpertMsgView.swift */ = {isa = PBXFileReference; lastKnownFileType = sourcecode.swift; path = ExpertMsgView.swift; sourceTree = "<group>"; };
		63B70A432A1C9FA800527D0D /* BorderModifier.swift */ = {isa = PBXFileReference; lastKnownFileType = sourcecode.swift; path = BorderModifier.swift; sourceTree = "<group>"; };
		63B70A452A1CA21E00527D0D /* SignUpSheetView.swift */ = {isa = PBXFileReference; lastKnownFileType = sourcecode.swift; path = SignUpSheetView.swift; sourceTree = "<group>"; };
		63B8D93B2A0B35E0004EC7FC /* DiagnosisView.swift */ = {isa = PBXFileReference; lastKnownFileType = sourcecode.swift; path = DiagnosisView.swift; sourceTree = "<group>"; };
		63B8D93D2A0B3B4B004EC7FC /* DiagnosisVM.swift */ = {isa = PBXFileReference; lastKnownFileType = sourcecode.swift; path = DiagnosisVM.swift; sourceTree = "<group>"; };
		63B8D93F2A0B3B7D004EC7FC /* DiagnosisModel.swift */ = {isa = PBXFileReference; lastKnownFileType = sourcecode.swift; path = DiagnosisModel.swift; sourceTree = "<group>"; };
		63CC701B2A29164E0050589E /* SearchItemView.swift */ = {isa = PBXFileReference; lastKnownFileType = sourcecode.swift; path = SearchItemView.swift; sourceTree = "<group>"; };
		63CC701E2A291D1B0050589E /* DiseaseInfoView.swift */ = {isa = PBXFileReference; lastKnownFileType = sourcecode.swift; path = DiseaseInfoView.swift; sourceTree = "<group>"; };
		63D8A07B2A026DA300D2FBFD /* PhotoCollection.swift */ = {isa = PBXFileReference; lastKnownFileType = sourcecode.swift; path = PhotoCollection.swift; sourceTree = "<group>"; };
		63D8A07D2A0273D600D2FBFD /* TakenPhotoView.swift */ = {isa = PBXFileReference; lastKnownFileType = sourcecode.swift; path = TakenPhotoView.swift; sourceTree = "<group>"; };
		63DC15E429D180ED0062691D /* MyBatt.app */ = {isa = PBXFileReference; explicitFileType = wrapper.application; includeInIndex = 0; path = MyBatt.app; sourceTree = BUILT_PRODUCTS_DIR; };
		63DC15E729D180ED0062691D /* MyBattApp.swift */ = {isa = PBXFileReference; lastKnownFileType = sourcecode.swift; path = MyBattApp.swift; sourceTree = "<group>"; };
		63DC15E929D180ED0062691D /* ContentView.swift */ = {isa = PBXFileReference; lastKnownFileType = sourcecode.swift; path = ContentView.swift; sourceTree = "<group>"; };
		63DC15EB29D180ED0062691D /* Assets.xcassets */ = {isa = PBXFileReference; lastKnownFileType = folder.assetcatalog; path = Assets.xcassets; sourceTree = "<group>"; };
		63DC15EE29D180ED0062691D /* Preview Assets.xcassets */ = {isa = PBXFileReference; lastKnownFileType = folder.assetcatalog; path = "Preview Assets.xcassets"; sourceTree = "<group>"; };
		63DC15F529D180FC0062691D /* UploadImageView.swift */ = {isa = PBXFileReference; lastKnownFileType = sourcecode.swift; path = UploadImageView.swift; sourceTree = "<group>"; };
		63E173D82A220B89006877EC /* DiagMoreInfoView.swift */ = {isa = PBXFileReference; lastKnownFileType = sourcecode.swift; path = DiagMoreInfoView.swift; sourceTree = "<group>"; };
		63E173DA2A220DAE006877EC /* MapRouter.swift */ = {isa = PBXFileReference; lastKnownFileType = sourcecode.swift; path = MapRouter.swift; sourceTree = "<group>"; };
		63E173DC2A220F24006877EC /* MapSheetCrop.swift */ = {isa = PBXFileReference; lastKnownFileType = sourcecode.swift; path = MapSheetCrop.swift; sourceTree = "<group>"; };
		63E173DF2A221713006877EC /* MapDiseaseResponse.swift */ = {isa = PBXFileReference; lastKnownFileType = sourcecode.swift; path = MapDiseaseResponse.swift; sourceTree = "<group>"; };
		63E3A8BF29F3C8B800C5F24D /* CameraView.swift */ = {isa = PBXFileReference; lastKnownFileType = sourcecode.swift; path = CameraView.swift; sourceTree = "<group>"; };
		63E3A8C129F3C8F900C5F24D /* ViewfinderView.swift */ = {isa = PBXFileReference; lastKnownFileType = sourcecode.swift; path = ViewfinderView.swift; sourceTree = "<group>"; };
		63E5898A29E7DD0A00E38CBB /* ColorExtension.swift */ = {isa = PBXFileReference; lastKnownFileType = sourcecode.swift; path = ColorExtension.swift; sourceTree = "<group>"; };
		63F096F32A134DE3005DA59C /* UserVM.swift */ = {isa = PBXFileReference; lastKnownFileType = sourcecode.swift; path = UserVM.swift; sourceTree = "<group>"; };
		63F096F82A135B1A005DA59C /* CropSelectView.swift */ = {isa = PBXFileReference; lastKnownFileType = sourcecode.swift; path = CropSelectView.swift; sourceTree = "<group>"; };
		63F096FA2A135B37005DA59C /* CropDurationView.swift */ = {isa = PBXFileReference; lastKnownFileType = sourcecode.swift; path = CropDurationView.swift; sourceTree = "<group>"; };
		63F096FC2A135B52005DA59C /* MapSheetVM.swift */ = {isa = PBXFileReference; lastKnownFileType = sourcecode.swift; path = MapSheetVM.swift; sourceTree = "<group>"; };
		63F096FE2A135B82005DA59C /* MapModel.swift */ = {isa = PBXFileReference; lastKnownFileType = sourcecode.swift; path = MapModel.swift; sourceTree = "<group>"; };
		63F097002A135BA2005DA59C /* GroupBoxExtension.swift */ = {isa = PBXFileReference; lastKnownFileType = sourcecode.swift; path = GroupBoxExtension.swift; sourceTree = "<group>"; };
		63F20AAD2A17614400896597 /* UserDefaultManager.swift */ = {isa = PBXFileReference; lastKnownFileType = sourcecode.swift; path = UserDefaultManager.swift; sourceTree = "<group>"; };
		63F20AB12A17622000896597 /* ApiLogger.swift */ = {isa = PBXFileReference; lastKnownFileType = sourcecode.swift; path = ApiLogger.swift; sourceTree = "<group>"; };
		63F20AB32A17625400896597 /* ApiClient.swift */ = {isa = PBXFileReference; lastKnownFileType = sourcecode.swift; path = ApiClient.swift; sourceTree = "<group>"; };
		63F20AB62A17629600896597 /* BaseInterceptor.swift */ = {isa = PBXFileReference; lastKnownFileType = sourcecode.swift; path = BaseInterceptor.swift; sourceTree = "<group>"; };
		63F20AB92A17635A00896597 /* AuthAuthenticator.swift */ = {isa = PBXFileReference; lastKnownFileType = sourcecode.swift; path = AuthAuthenticator.swift; sourceTree = "<group>"; };
		63F20ABB2A17638700896597 /* AuthCredential.swift */ = {isa = PBXFileReference; lastKnownFileType = sourcecode.swift; path = AuthCredential.swift; sourceTree = "<group>"; };
		63F20ABD2A17642E00896597 /* AuthRouter.swift */ = {isa = PBXFileReference; lastKnownFileType = sourcecode.swift; path = AuthRouter.swift; sourceTree = "<group>"; };
		63F20ABF2A17644500896597 /* UserRouter.swift */ = {isa = PBXFileReference; lastKnownFileType = sourcecode.swift; path = UserRouter.swift; sourceTree = "<group>"; };
		63F20AC22A1764E900896597 /* TokenData.swift */ = {isa = PBXFileReference; lastKnownFileType = sourcecode.swift; path = TokenData.swift; sourceTree = "<group>"; };
		63F20AC42A17650100896597 /* UserData.swift */ = {isa = PBXFileReference; lastKnownFileType = sourcecode.swift; path = UserData.swift; sourceTree = "<group>"; };
		63F20AC62A17652400896597 /* TokenResponse.swift */ = {isa = PBXFileReference; lastKnownFileType = sourcecode.swift; path = TokenResponse.swift; sourceTree = "<group>"; };
		63F20ACA2A17664000896597 /* OnboardingView.swift */ = {isa = PBXFileReference; lastKnownFileType = sourcecode.swift; path = OnboardingView.swift; sourceTree = "<group>"; };
		63F20ACD2A177AEC00896597 /* DiagnosisInfoView.swift */ = {isa = PBXFileReference; lastKnownFileType = sourcecode.swift; path = DiagnosisInfoView.swift; sourceTree = "<group>"; };
		63F5D3012A26174400D8BB78 /* UIApplicationExtension.swift */ = {isa = PBXFileReference; lastKnownFileType = sourcecode.swift; path = UIApplicationExtension.swift; sourceTree = "<group>"; };
		63F5D3042A262B2800D8BB78 /* BundleExtension.swift */ = {isa = PBXFileReference; lastKnownFileType = sourcecode.swift; path = BundleExtension.swift; sourceTree = "<group>"; };
		63F5D3062A262C2D00D8BB78 /* MapQueryModel.swift */ = {isa = PBXFileReference; lastKnownFileType = sourcecode.swift; path = MapQueryModel.swift; sourceTree = "<group>"; };
		63F5D3082A262DC000D8BB78 /* MapQueryDataService.swift */ = {isa = PBXFileReference; lastKnownFileType = sourcecode.swift; path = MapQueryDataService.swift; sourceTree = "<group>"; };
		63F5D30A2A269EB900D8BB78 /* AlbumPickerVM.swift */ = {isa = PBXFileReference; lastKnownFileType = sourcecode.swift; path = AlbumPickerVM.swift; sourceTree = "<group>"; };
		63F5D30C2A26D17A00D8BB78 /* SickListResponse.swift */ = {isa = PBXFileReference; lastKnownFileType = sourcecode.swift; path = SickListResponse.swift; sourceTree = "<group>"; };
		63F7E2D42A040C90006E8B3E /* InfoMainView.swift */ = {isa = PBXFileReference; lastKnownFileType = sourcecode.swift; path = InfoMainView.swift; sourceTree = "<group>"; };
/* End PBXFileReference section */

/* Begin PBXFrameworksBuildPhase section */
		63DC15E129D180ED0062691D /* Frameworks */ = {
			isa = PBXFrameworksBuildPhase;
			buildActionMask = 2147483647;
			files = (
				632D3FA92A03898500DC1783 /* SystemConfiguration.framework in Frameworks */,
				63127C4C2A251D0300D2962C /* CoreLocation.framework in Frameworks */,
				63F5D3032A2629D600D8BB78 /* Metal.framework in Frameworks */,
				6345E9432A0BD7D50023CB4F /* Lottie in Frameworks */,
				632D3FA72A03897200DC1783 /* libsqlite3.tbd in Frameworks */,
				632D3FA52A03896800DC1783 /* libxml2.tbd in Frameworks */,
				630500882A1B5F7A007BF769 /* CropViewController in Frameworks */,
				63127C492A251D0000D2962C /* DaumMap.framework in Frameworks */,
				63F20AAB2A175F6E00896597 /* Alamofire in Frameworks */,
				632D3FA32A03895C00DC1783 /* libc++.tbd in Frameworks */,
				632D3FA12A03894F00DC1783 /* QuartzCore.framework in Frameworks */,
				633E650F2A123E9C00E50EC5 /* NativePartialSheet in Frameworks */,
				63DB82712A1BC11D00842F75 /* PopupView in Frameworks */,
			);
			runOnlyForDeploymentPostprocessing = 0;
		};
/* End PBXFrameworksBuildPhase section */

/* Begin PBXGroup section */
		63024F0D29EFE75D0074A52D /* Modifier */ = {
			isa = PBXGroup;
			children = (
				63024F0E29EFE76B0074A52D /* GroupBoxModifier.swift */,
				63B70A432A1C9FA800527D0D /* BorderModifier.swift */,
			);
			path = Modifier;
			sourceTree = "<group>";
		};
		6305008B2A1B7165007BF769 /* TakenComponents */ = {
			isa = PBXGroup;
			children = (
				634AE16B2A0B9A86005811FB /* TakenBtnView.swift */,
				6305008C2A1B7172007BF769 /* ImageAppearView.swift */,
				630500902A1B751C007BF769 /* ImageAppeaerBtnView.swift */,
			);
			path = TakenComponents;
			sourceTree = "<group>";
		};
		63139C362A221D87000CDBBA /* ExpertView */ = {
			isa = PBXGroup;
			children = (
				63139C372A221DAA000CDBBA /* ExpertMainView.swift */,
				63139C392A22220E000CDBBA /* ExpertMailView.swift */,
				63B4492E2A2E3F330010A983 /* ExpertMsgView.swift */,
			);
			path = ExpertView;
			sourceTree = "<group>";
		};
		63255F372A2FA7DA008EF09D /* Disease */ = {
			isa = PBXGroup;
			children = (
				63255F382A2FA7E7008EF09D /* DiseaseInfoVM.swift */,
				6342FAD12A3053D00021B2EC /* PsisInfoVM.swift */,
			);
			path = Disease;
			sourceTree = "<group>";
		};
		63255F3A2A2FAB32008EF09D /* DiseaseModel */ = {
			isa = PBXGroup;
			children = (
				63255F3B2A2FAB41008EF09D /* DiseaseInfoModel.swift */,
				6342FAD32A3055400021B2EC /* PsisInfoModel.swift */,
			);
			path = DiseaseModel;
			sourceTree = "<group>";
		};
		632D3F4D2A03854D00DC1783 /* CameraHelper */ = {
			isa = PBXGroup;
			children = (
				636D83F329FFAC2D003F4347 /* Camera_ex.swift */,
				63A135A62A018CD0003A0C2D /* Camera.swift */,
				63D8A07B2A026DA300D2FBFD /* PhotoCollection.swift */,
			);
			path = CameraHelper;
			sourceTree = "<group>";
		};
		632D3F4E2A03855D00DC1783 /* ViewHelper */ = {
			isa = PBXGroup;
			children = (
				63325A4829F0EFC000CF3A48 /* CustomSegmentView.swift */,
				6354343F29E850830037D6CD /* LottieView.swift */,
				63325A4C29F0FC7B00CF3A48 /* CornerRoundedView.swift */,
				636001C029F3C50500BC1F7F /* Appearances.swift */,
			);
			path = ViewHelper;
			sourceTree = "<group>";
		};
		632D3F4F2A03856D00DC1783 /* MapHelper */ = {
			isa = PBXGroup;
			children = (
				632D3FAC2A038AC900DC1783 /* KakaoMapVCWrapper.swift */,
			);
			path = MapHelper;
			sourceTree = "<group>";
		};
		632D3F9B2A03892200DC1783 /* Frameworks */ = {
			isa = PBXGroup;
			children = (
				63127C4E2A251D1400D2962C /* OpenGLES.framework */,
				632473632A0396E7005D7C7E /* DaumMap.framework */,
				632473192A038CF0005D7C7E /* Metal.framework */,
				632D3FA82A03898500DC1783 /* SystemConfiguration.framework */,
				632D3FA62A03897200DC1783 /* libsqlite3.tbd */,
				632D3FA42A03896800DC1783 /* libxml2.tbd */,
				632D3FA22A03895C00DC1783 /* libc++.tbd */,
				632D3FA02A03894F00DC1783 /* QuartzCore.framework */,
				632D3F9E2A03894800DC1783 /* CoreLocation.framework */,
			);
			name = Frameworks;
			sourceTree = "<group>";
		};
		63325A4E29F1004C00CF3A48 /* MapViews */ = {
			isa = PBXGroup;
			children = (
				632D3F532A03870800DC1783 /* MapMainView.swift */,
				633E65102A12446E00E50EC5 /* MapSheetView.swift */,
				63F096F82A135B1A005DA59C /* CropSelectView.swift */,
				63F096FA2A135B37005DA59C /* CropDurationView.swift */,
			);
			path = MapViews;
			sourceTree = "<group>";
		};
		63325A5129F101C100CF3A48 /* TabViews */ = {
			isa = PBXGroup;
			children = (
			);
			path = TabViews;
			sourceTree = "<group>";
		};
		633CACAA2A0B690800D23033 /* UIKit */ = {
			isa = PBXGroup;
			children = (
				63A0306029ED29C500956BD9 /* UIDevice.swift */,
				635AD49B29E7CA14006F3685 /* UIColorExtension.swift */,
				636001BE29F3C1B700BC1F7F /* UIScreenExtension.swift */,
				63F5D3012A26174400D8BB78 /* UIApplicationExtension.swift */,
				63F5D3042A262B2800D8BB78 /* BundleExtension.swift */,
			);
			path = UIKit;
			sourceTree = "<group>";
		};
		633CACAB2A0B691A00D23033 /* SwiftUI */ = {
			isa = PBXGroup;
			children = (
				63E5898A29E7DD0A00E38CBB /* ColorExtension.swift */,
				63325A4A29F0F5E300CF3A48 /* ViewExtension.swift */,
				63F097002A135BA2005DA59C /* GroupBoxExtension.swift */,
				6320EAB42A29E45E00558362 /* DisclosureGroupExtension.swift */,
			);
			path = SwiftUI;
			sourceTree = "<group>";
		};
		633CACAC2A0B692500D23033 /* Others */ = {
			isa = PBXGroup;
			children = (
				633CACA82A0B68DC00D23033 /* CIImageExtension.swift */,
				6356EB112A20F35B0094BC10 /* DateExtension.swift */,
				634DB8FA2A27BB7900DED6D7 /* AlamofireExtension.swift */,
			);
			path = Others;
			sourceTree = "<group>";
		};
		633F695F2A227F9A00FFC891 /* SearchModels */ = {
			isa = PBXGroup;
			children = (
				633F69622A22801500FFC891 /* Items */,
			);
			path = SearchModels;
			sourceTree = "<group>";
		};
		633F69622A22801500FFC891 /* Items */ = {
			isa = PBXGroup;
			children = (
				633F69602A227FAC00FFC891 /* Pesticide.swift */,
				633F69632A2280BB00FFC891 /* DiseaseDetail.swift */,
			);
			path = Items;
			sourceTree = "<group>";
		};
		6347CBF829F6DCA8001B99B6 /* ViewModels */ = {
			isa = PBXGroup;
			children = (
				63255F372A2FA7DA008EF09D /* Disease */,
				63F096F32A134DE3005DA59C /* UserVM.swift */,
				63A4BABA2A13E7EB0018E891 /* DetectDiagnosis */,
				63517A1A2A079FFC006DA928 /* OutBreakViewMoel.swift */,
				6385AE392A07C56F00D6CA76 /* CoinImageViewModel.swift */,
				63F096FC2A135B52005DA59C /* MapSheetVM.swift */,
				63A5827F2A1FD22A0007D317 /* SearchMainVM.swift */,
			);
			path = ViewModels;
			sourceTree = "<group>";
		};
		6351AAD22A1E0FE500B7A370 /* OAuth */ = {
			isa = PBXGroup;
			children = (
				6351AAD32A1E0FFB00B7A370 /* OAuthCredential.swift */,
				6351AAD52A1E100C00B7A370 /* OAuthAuthenticator.swift */,
			);
			path = OAuth;
			sourceTree = "<group>";
		};
		6354344429E851E30037D6CD /* LottieFiles */ = {
			isa = PBXGroup;
			children = (
				63325A5329F2576900CF3A48 /* LeafScanning.json */,
				63325A5229F2576900CF3A48 /* TitleLeaf.json */,
				6354344529E8552D0037D6CD /* LottieMap.json */,
			);
			path = LottieFiles;
			sourceTree = "<group>";
		};
		6356A85D29E95E230085206C /* Components */ = {
			isa = PBXGroup;
			children = (
				6356A85B29E95E1B0085206C /* MainMapBtn.swift */,
				63201F1329E97AFD00EB5D4E /* MainRequestBtn.swift */,
				63024F0B29EFDFB70074A52D /* MainOutBreakInfoView.swift */,
				638AEF7B29FBF166004BD2BE /* MainManagementBtn.swift */,
				638AEF7D29FBF433004BD2BE /* MainSearchBtn.swift */,
			);
			path = Components;
			sourceTree = "<group>";
		};
		6357C6FD2A2066980094162C /* OutbreakModel */ = {
			isa = PBXGroup;
			children = (
				6357C6FE2A2066A80094162C /* OutbreakItem.swift */,
				6357C7002A2066E80094162C /* OutbreakModel.swift */,
			);
			path = OutbreakModel;
			sourceTree = "<group>";
		};
		635AD49D29E7D201006F3685 /* Extensions */ = {
			isa = PBXGroup;
			children = (
				633CACAC2A0B692500D23033 /* Others */,
				633CACAB2A0B691A00D23033 /* SwiftUI */,
				633CACAA2A0B690800D23033 /* UIKit */,
			);
			path = Extensions;
			sourceTree = "<group>";
		};
		6385AE322A07B84300D6CA76 /* Services */ = {
			isa = PBXGroup;
			children = (
				6385AE3B2A07C6C200D6CA76 /* OutbreakDataService.swift */,
				6385AE3D2A07C70300D6CA76 /* CoinImageDataService.swift */,
				633CACA62A0B61A000D23033 /* DiagnosisDataService.swift */,
				6310E1662A0E44BC0071326C /* LocationService.swift */,
				637F5AB92A1CF32E00D0A5C2 /* AuthApiService.swift */,
				63F5D3082A262DC000D8BB78 /* MapQueryDataService.swift */,
			);
			path = Services;
			sourceTree = "<group>";
		};
		6385AE332A07B85400D6CA76 /* Cores */ = {
			isa = PBXGroup;
			children = (
				6347CBF829F6DCA8001B99B6 /* ViewModels */,
				638E118D29E3F8A9005CA2EA /* Model */,
				638E118C29E3F89F005CA2EA /* View */,
			);
			path = Cores;
			sourceTree = "<group>";
		};
		6385AE342A07B87B00D6CA76 /* Utilities */ = {
			isa = PBXGroup;
			children = (
				638E119729E40319005CA2EA /* Helper */,
				635AD49D29E7D201006F3685 /* Extensions */,
				63024F0D29EFE75D0074A52D /* Modifier */,
			);
			path = Utilities;
			sourceTree = "<group>";
		};
		63861CAD2A2A362000BB769E /* CropManageView */ = {
			isa = PBXGroup;
			children = (
				63861CAE2A2A367900BB769E /* CM_MainView.swift */,
				632680672A2CA91200B23E35 /* CM_GridItemView.swift */,
				632680692A2CAA3600B23E35 /* CM_CateListView.swift */,
			);
			path = CropManageView;
			sourceTree = "<group>";
		};
		63861CB02A2A379A00BB769E /* Components */ = {
			isa = PBXGroup;
			children = (
				63861CB12A2A37A900BB769E /* NavTrailingBtn.swift */,
			);
			path = Components;
			sourceTree = "<group>";
		};
		638E118C29E3F89F005CA2EA /* View */ = {
			isa = PBXGroup;
			children = (
				63861CB02A2A379A00BB769E /* Components */,
				63861CAD2A2A362000BB769E /* CropManageView */,
				63139C362A221D87000CDBBA /* ExpertView */,
				63F20AA82A175E6800896597 /* LogInView */,
				63F7E2D32A040C7E006E8B3E /* InfoViews */,
				63325A5129F101C100CF3A48 /* TabViews */,
				63325A4E29F1004C00CF3A48 /* MapViews */,
				63CBA5A829E84D19004E418B /* SearchViews */,
				638E119429E3FF0F005CA2EA /* DetectViews */,
				638E119329E3FF04005CA2EA /* MainViews */,
				63DC15E929D180ED0062691D /* ContentView.swift */,
				6385AE372A07C55A00D6CA76 /* CoinImageView.swift */,
			);
			path = View;
			sourceTree = "<group>";
		};
		638E118D29E3F8A9005CA2EA /* Model */ = {
			isa = PBXGroup;
			children = (
				63255F3A2A2FAB32008EF09D /* DiseaseModel */,
				633F695F2A227F9A00FFC891 /* SearchModels */,
				63E173DE2A2216F0006877EC /* MapModels */,
				6357C6FD2A2066980094162C /* OutbreakModel */,
				63A582812A1FD2440007D317 /* SearchModel */,
				637F5AB72A1CE3B100D0A5C2 /* UserModel.swift */,
				63F20AC12A1764DF00896597 /* AuthModel */,
				63517A1C2A07A6AF006DA928 /* CoinModel.swift */,
				63B8D93F2A0B3B7D004EC7FC /* DiagnosisModel.swift */,
				63127C472A24E89D00D2962C /* SickType.swift */,
			);
			path = Model;
			sourceTree = "<group>";
		};
		638E119329E3FF04005CA2EA /* MainViews */ = {
			isa = PBXGroup;
			children = (
				6356A85D29E95E230085206C /* Components */,
				638E119029E3F996005CA2EA /* MainView.swift */,
			);
			path = MainViews;
			sourceTree = "<group>";
		};
		638E119429E3FF0F005CA2EA /* DetectViews */ = {
			isa = PBXGroup;
			children = (
				63CC701D2A291D020050589E /* DiseaseView */,
				63F20ACC2A177AD300896597 /* DiagnosisViews */,
				63E3A8BF29F3C8B800C5F24D /* CameraView.swift */,
				63E3A8BE29F3C8A700C5F24D /* CameraViews */,
			);
			path = DetectViews;
			sourceTree = "<group>";
		};
		638E119729E40319005CA2EA /* Helper */ = {
			isa = PBXGroup;
			children = (
				6385AE352A07B8B200D6CA76 /* NetworkingManager.swift */,
				632D3F4F2A03856D00DC1783 /* MapHelper */,
				632D3F4E2A03855D00DC1783 /* ViewHelper */,
				632D3F4D2A03854D00DC1783 /* CameraHelper */,
			);
			path = Helper;
			sourceTree = "<group>";
		};
		63A4BABA2A13E7EB0018E891 /* DetectDiagnosis */ = {
			isa = PBXGroup;
			children = (
				63B8D93D2A0B3B4B004EC7FC /* DiagnosisVM.swift */,
				636D83F129FFAB80003F4347 /* CameraViewModel.swift */,
				63A4BABD2A13EB280018E891 /* TakenPhotoVM.swift */,
				63F5D30A2A269EB900D8BB78 /* AlbumPickerVM.swift */,
			);
			path = DetectDiagnosis;
			sourceTree = "<group>";
		};
		63A582812A1FD2440007D317 /* SearchModel */ = {
			isa = PBXGroup;
			children = (
				63F5D30C2A26D17A00D8BB78 /* SickListResponse.swift */,
			);
			path = SearchModel;
			sourceTree = "<group>";
		};
		63CBA5A829E84D19004E418B /* SearchViews */ = {
			isa = PBXGroup;
			children = (
				63325A4F29F1006400CF3A48 /* SearchMainView.swift */,
				63CC701B2A29164E0050589E /* SearchItemView.swift */,
			);
			path = SearchViews;
			sourceTree = "<group>";
		};
		63CC701D2A291D020050589E /* DiseaseView */ = {
			isa = PBXGroup;
			children = (
				63CC701E2A291D1B0050589E /* DiseaseInfoView.swift */,
				6320EAB62A29F6D600558362 /* PesticideListView.swift */,
				6320EAB82A29F70B00558362 /* PesticideListItem.swift */,
				6320EABA2A2A015700558362 /* PesticideDetailSheet.swift */,
			);
			path = DiseaseView;
			sourceTree = "<group>";
		};
		63DC15DB29D180ED0062691D = {
			isa = PBXGroup;
			children = (
				6324731B2A038DE9005D7C7E /* KakaoBridging.h */,
				63DC15E629D180ED0062691D /* MyBatt */,
				63DC15E529D180ED0062691D /* Products */,
				632D3F9B2A03892200DC1783 /* Frameworks */,
			);
			sourceTree = "<group>";
		};
		63DC15E529D180ED0062691D /* Products */ = {
			isa = PBXGroup;
			children = (
				63DC15E429D180ED0062691D /* MyBatt.app */,
			);
			name = Products;
			sourceTree = "<group>";
		};
		63DC15E629D180ED0062691D /* MyBatt */ = {
			isa = PBXGroup;
			children = (
				63F20AAF2A17620700896597 /* API */,
				63F20AAC2A17612E00896597 /* Manager */,
				638E119229E3FE77005CA2EA /* Info.plist */,
				631332C42A03A0AB00CDE9B3 /* Config.xcconfig */,
				6385AE342A07B87B00D6CA76 /* Utilities */,
				6385AE332A07B85400D6CA76 /* Cores */,
				6354344429E851E30037D6CD /* LottieFiles */,
				63DC15E729D180ED0062691D /* MyBattApp.swift */,
				63DC15F529D180FC0062691D /* UploadImageView.swift */,
				63DC15EB29D180ED0062691D /* Assets.xcassets */,
				63DC15ED29D180ED0062691D /* Preview Content */,
			);
			path = MyBatt;
			sourceTree = "<group>";
		};
		63DC15ED29D180ED0062691D /* Preview Content */ = {
			isa = PBXGroup;
			children = (
				63DC15EE29D180ED0062691D /* Preview Assets.xcassets */,
			);
			path = "Preview Content";
			sourceTree = "<group>";
		};
		63E173DE2A2216F0006877EC /* MapModels */ = {
			isa = PBXGroup;
			children = (
				63F096FE2A135B82005DA59C /* MapModel.swift */,
				63A4BABB2A13E8A40018E891 /* CropModel.swift */,
				63E173DC2A220F24006877EC /* MapSheetCrop.swift */,
				63E173DF2A221713006877EC /* MapDiseaseResponse.swift */,
				63127C452A24E80A00D2962C /* MapItem.swift */,
				63F5D3062A262C2D00D8BB78 /* MapQueryModel.swift */,
			);
			path = MapModels;
			sourceTree = "<group>";
		};
		63E3A8BE29F3C8A700C5F24D /* CameraViews */ = {
			isa = PBXGroup;
			children = (
				6305008B2A1B7165007BF769 /* TakenComponents */,
				630500822A1B5EF0007BF769 /* AlbumPickerView.swift */,
				63E3A8C129F3C8F900C5F24D /* ViewfinderView.swift */,
				63D8A07D2A0273D600D2FBFD /* TakenPhotoView.swift */,
				630500842A1B5F45007BF769 /* PHPickerView.swift */,
				630500892A1B5FCF007BF769 /* CropperView.swift */,
			);
			path = CameraViews;
			sourceTree = "<group>";
		};
		63F20AA82A175E6800896597 /* LogInView */ = {
			isa = PBXGroup;
			children = (
				63F20ACA2A17664000896597 /* OnboardingView.swift */,
				63B70A452A1CA21E00527D0D /* SignUpSheetView.swift */,
				63769E212A1CD5D1005B6C6E /* SignInSheetView.swift */,
			);
			path = LogInView;
			sourceTree = "<group>";
		};
		63F20AAC2A17612E00896597 /* Manager */ = {
			isa = PBXGroup;
			children = (
				6347CBF929F6E325001B99B6 /* AppManager.swift */,
				63F20AAD2A17614400896597 /* UserDefaultManager.swift */,
			);
			path = Manager;
			sourceTree = "<group>";
		};
		63F20AAF2A17620700896597 /* API */ = {
			isa = PBXGroup;
			children = (
				6351AAD22A1E0FE500B7A370 /* OAuth */,
				63F20AB12A17622000896597 /* ApiLogger.swift */,
				63F20AB32A17625400896597 /* ApiClient.swift */,
				63F20AB82A17634C00896597 /* Auth */,
				63F20AB52A17628C00896597 /* Interceptor */,
				63F20AB02A17621600896597 /* Router */,
				6385AE322A07B84300D6CA76 /* Services */,
				6351AAD72A1E258A00B7A370 /* ResponseWrapper.swift */,
			);
			path = API;
			sourceTree = "<group>";
		};
		63F20AB02A17621600896597 /* Router */ = {
			isa = PBXGroup;
			children = (
				63F20ABD2A17642E00896597 /* AuthRouter.swift */,
				63F20ABF2A17644500896597 /* UserRouter.swift */,
				63AA67C32A1F45E800071D00 /* CropInfoRouter.swift */,
				63E173DA2A220DAE006877EC /* MapRouter.swift */,
				63139C3B2A223FD9000CDBBA /* InquiryRouter.swift */,
			);
			path = Router;
			sourceTree = "<group>";
		};
		63F20AB52A17628C00896597 /* Interceptor */ = {
			isa = PBXGroup;
			children = (
				63F20AB62A17629600896597 /* BaseInterceptor.swift */,
			);
			path = Interceptor;
			sourceTree = "<group>";
		};
		63F20AB82A17634C00896597 /* Auth */ = {
			isa = PBXGroup;
			children = (
				63F20AB92A17635A00896597 /* AuthAuthenticator.swift */,
				63F20ABB2A17638700896597 /* AuthCredential.swift */,
			);
			path = Auth;
			sourceTree = "<group>";
		};
		63F20AC12A1764DF00896597 /* AuthModel */ = {
			isa = PBXGroup;
			children = (
				63F20AC22A1764E900896597 /* TokenData.swift */,
				63F20AC42A17650100896597 /* UserData.swift */,
				63F20AC62A17652400896597 /* TokenResponse.swift */,
				6314BD122A1F9CB200FDC9E9 /* RefreshResponse.swift */,
			);
			path = AuthModel;
			sourceTree = "<group>";
		};
		63F20ACC2A177AD300896597 /* DiagnosisViews */ = {
			isa = PBXGroup;
			children = (
				63B8D93B2A0B35E0004EC7FC /* DiagnosisView.swift */,
				63027AFF2A2DD31F00630CDC /* DiagnosisResultView.swift */,
				63F20ACD2A177AEC00896597 /* DiagnosisInfoView.swift */,
				63E173D82A220B89006877EC /* DiagMoreInfoView.swift */,
				633F69652A2288D900FFC891 /* DiagnosisDetailView.swift */,
			);
			path = DiagnosisViews;
			sourceTree = "<group>";
		};
		63F7E2D32A040C7E006E8B3E /* InfoViews */ = {
			isa = PBXGroup;
			children = (
				63F7E2D42A040C90006E8B3E /* InfoMainView.swift */,
			);
			path = InfoViews;
			sourceTree = "<group>";
		};
/* End PBXGroup section */

/* Begin PBXNativeTarget section */
		63DC15E329D180ED0062691D /* MyBatt */ = {
			isa = PBXNativeTarget;
			buildConfigurationList = 63DC15F229D180ED0062691D /* Build configuration list for PBXNativeTarget "MyBatt" */;
			buildPhases = (
				63DC15E029D180ED0062691D /* Sources */,
				63DC15E129D180ED0062691D /* Frameworks */,
				63DC15E229D180ED0062691D /* Resources */,
			);
			buildRules = (
			);
			dependencies = (
			);
			name = MyBatt;
			packageProductDependencies = (
				6345E9422A0BD7D50023CB4F /* Lottie */,
				633E650E2A123E9C00E50EC5 /* NativePartialSheet */,
				63F20AAA2A175F6E00896597 /* Alamofire */,
				630500872A1B5F7A007BF769 /* CropViewController */,
				63DB82702A1BC11D00842F75 /* PopupView */,
			);
			productName = MyBatt;
			productReference = 63DC15E429D180ED0062691D /* MyBatt.app */;
			productType = "com.apple.product-type.application";
		};
/* End PBXNativeTarget section */

/* Begin PBXProject section */
		63DC15DC29D180ED0062691D /* Project object */ = {
			isa = PBXProject;
			attributes = {
				BuildIndependentTargetsInParallel = 1;
				LastSwiftUpdateCheck = 1420;
				LastUpgradeCheck = 1420;
				TargetAttributes = {
					63DC15E329D180ED0062691D = {
						CreatedOnToolsVersion = 14.2;
					};
				};
			};
			buildConfigurationList = 63DC15DF29D180ED0062691D /* Build configuration list for PBXProject "MyBatt" */;
			compatibilityVersion = "Xcode 14.0";
			developmentRegion = en;
			hasScannedForEncodings = 0;
			knownRegions = (
				en,
				Base,
			);
			mainGroup = 63DC15DB29D180ED0062691D;
			packageReferences = (
				6345E9412A0BD7D50023CB4F /* XCRemoteSwiftPackageReference "lottie-ios" */,
				633E650D2A123E9C00E50EC5 /* XCRemoteSwiftPackageReference "NativePartialSheet" */,
				63F20AA92A175F6E00896597 /* XCRemoteSwiftPackageReference "Alamofire" */,
				630500862A1B5F7A007BF769 /* XCRemoteSwiftPackageReference "TOCropViewController" */,
				63DB826F2A1BC11C00842F75 /* XCRemoteSwiftPackageReference "PopupView" */,
			);
			productRefGroup = 63DC15E529D180ED0062691D /* Products */;
			projectDirPath = "";
			projectRoot = "";
			targets = (
				63DC15E329D180ED0062691D /* MyBatt */,
			);
		};
/* End PBXProject section */

/* Begin PBXResourcesBuildPhase section */
		63DC15E229D180ED0062691D /* Resources */ = {
			isa = PBXResourcesBuildPhase;
			buildActionMask = 2147483647;
			files = (
				63325A5429F2576900CF3A48 /* TitleLeaf.json in Resources */,
				63325A5529F2576900CF3A48 /* LeafScanning.json in Resources */,
				63DC15EF29D180ED0062691D /* Preview Assets.xcassets in Resources */,
				6354344629E8552D0037D6CD /* LottieMap.json in Resources */,
				63DC15EC29D180ED0062691D /* Assets.xcassets in Resources */,
			);
			runOnlyForDeploymentPostprocessing = 0;
		};
/* End PBXResourcesBuildPhase section */

/* Begin PBXSourcesBuildPhase section */
		63DC15E029D180ED0062691D /* Sources */ = {
			isa = PBXSourcesBuildPhase;
			buildActionMask = 2147483647;
			files = (
				636001BF29F3C1B700BC1F7F /* UIScreenExtension.swift in Sources */,
				633F69662A2288D900FFC891 /* DiagnosisDetailView.swift in Sources */,
				63B8D93C2A0B35E0004EC7FC /* DiagnosisView.swift in Sources */,
				6385AE3C2A07C6C200D6CA76 /* OutbreakDataService.swift in Sources */,
				6305008D2A1B7172007BF769 /* ImageAppearView.swift in Sources */,
				6320EAB72A29F6D600558362 /* PesticideListView.swift in Sources */,
				63F5D3022A26174400D8BB78 /* UIApplicationExtension.swift in Sources */,
				633F69612A227FAC00FFC891 /* Pesticide.swift in Sources */,
				63024F0F29EFE76B0074A52D /* GroupBoxModifier.swift in Sources */,
				635AD49C29E7CA14006F3685 /* UIColorExtension.swift in Sources */,
				633CACA72A0B61A000D23033 /* DiagnosisDataService.swift in Sources */,
				6320EAB52A29E45E00558362 /* DisclosureGroupExtension.swift in Sources */,
				63A4BABE2A13EB280018E891 /* TakenPhotoVM.swift in Sources */,
				63F20ABE2A17642E00896597 /* AuthRouter.swift in Sources */,
				636001C129F3C50500BC1F7F /* Appearances.swift in Sources */,
				630500912A1B751C007BF769 /* ImageAppeaerBtnView.swift in Sources */,
				630500832A1B5EF0007BF769 /* AlbumPickerView.swift in Sources */,
				63B4492F2A2E3F330010A983 /* ExpertMsgView.swift in Sources */,
				63DC15EA29D180ED0062691D /* ContentView.swift in Sources */,
				63F5D30D2A26D17A00D8BB78 /* SickListResponse.swift in Sources */,
				63F096F92A135B1A005DA59C /* CropSelectView.swift in Sources */,
				63F20AC02A17644500896597 /* UserRouter.swift in Sources */,
				63139C3A2A22220E000CDBBA /* ExpertMailView.swift in Sources */,
				63F096FD2A135B52005DA59C /* MapSheetVM.swift in Sources */,
				63F096F42A134DE3005DA59C /* UserVM.swift in Sources */,
				63E173DB2A220DAE006877EC /* MapRouter.swift in Sources */,
				63027B002A2DD31F00630CDC /* DiagnosisResultView.swift in Sources */,
				63139C3C2A223FD9000CDBBA /* InquiryRouter.swift in Sources */,
				6356EB122A20F35B0094BC10 /* DateExtension.swift in Sources */,
				63AA67C42A1F45E800071D00 /* CropInfoRouter.swift in Sources */,
				634AE16C2A0B9A86005811FB /* TakenBtnView.swift in Sources */,
				63127C482A24E89D00D2962C /* SickType.swift in Sources */,
				63D8A07E2A0273D600D2FBFD /* TakenPhotoView.swift in Sources */,
				638AEF7C29FBF166004BD2BE /* MainManagementBtn.swift in Sources */,
				63F20ACB2A17664000896597 /* OnboardingView.swift in Sources */,
				63255F392A2FA7E7008EF09D /* DiseaseInfoVM.swift in Sources */,
				632D3FAD2A038AC900DC1783 /* KakaoMapVCWrapper.swift in Sources */,
				63E173DD2A220F24006877EC /* MapSheetCrop.swift in Sources */,
				63A582802A1FD22A0007D317 /* SearchMainVM.swift in Sources */,
				6351AAD62A1E100C00B7A370 /* OAuthAuthenticator.swift in Sources */,
				63F20ABA2A17635A00896597 /* AuthAuthenticator.swift in Sources */,
				63F5D3052A262B2800D8BB78 /* BundleExtension.swift in Sources */,
				636D83F229FFAB80003F4347 /* CameraViewModel.swift in Sources */,
				63024F0C29EFDFB70074A52D /* MainOutBreakInfoView.swift in Sources */,
				63127C462A24E80A00D2962C /* MapItem.swift in Sources */,
				633E65112A12446E00E50EC5 /* MapSheetView.swift in Sources */,
				6385AE3E2A07C70300D6CA76 /* CoinImageDataService.swift in Sources */,
				632D3F542A03870800DC1783 /* MapMainView.swift in Sources */,
				63E3A8C029F3C8B800C5F24D /* CameraView.swift in Sources */,
				63325A4D29F0FC7B00CF3A48 /* CornerRoundedView.swift in Sources */,
				63769E222A1CD5D1005B6C6E /* SignInSheetView.swift in Sources */,
				63F7E2D52A040C90006E8B3E /* InfoMainView.swift in Sources */,
				63B70A462A1CA21E00527D0D /* SignUpSheetView.swift in Sources */,
				63201F1429E97AFD00EB5D4E /* MainRequestBtn.swift in Sources */,
				63F20AB72A17629600896597 /* BaseInterceptor.swift in Sources */,
				636D83F429FFAC2D003F4347 /* Camera_ex.swift in Sources */,
				63F5D30B2A269EB900D8BB78 /* AlbumPickerVM.swift in Sources */,
				63861CB22A2A37A900BB769E /* NavTrailingBtn.swift in Sources */,
				6305008A2A1B5FCF007BF769 /* CropperView.swift in Sources */,
				6320EAB92A29F70B00558362 /* PesticideListItem.swift in Sources */,
				63F097012A135BA2005DA59C /* GroupBoxExtension.swift in Sources */,
				6357C6FF2A2066A80094162C /* OutbreakItem.swift in Sources */,
				6351AAD42A1E0FFB00B7A370 /* OAuthCredential.swift in Sources */,
				63325A4B29F0F5E300CF3A48 /* ViewExtension.swift in Sources */,
				6314BD132A1F9CB200FDC9E9 /* RefreshResponse.swift in Sources */,
				63DC15E829D180ED0062691D /* MyBattApp.swift in Sources */,
				63B8D9402A0B3B7D004EC7FC /* DiagnosisModel.swift in Sources */,
				63861CAF2A2A367900BB769E /* CM_MainView.swift in Sources */,
				63517A1D2A07A6AF006DA928 /* CoinModel.swift in Sources */,
				637F5AB82A1CE3B100D0A5C2 /* UserModel.swift in Sources */,
				63F20AAE2A17614400896597 /* UserDefaultManager.swift in Sources */,
				630500852A1B5F45007BF769 /* PHPickerView.swift in Sources */,
				63E173D92A220B89006877EC /* DiagMoreInfoView.swift in Sources */,
				63F20AB42A17625400896597 /* ApiClient.swift in Sources */,
				63A0306129ED29C500956BD9 /* UIDevice.swift in Sources */,
				6347CBFA29F6E325001B99B6 /* AppManager.swift in Sources */,
				63F5D3072A262C2D00D8BB78 /* MapQueryModel.swift in Sources */,
				63F5D3092A262DC000D8BB78 /* MapQueryDataService.swift in Sources */,
				6326806A2A2CAA3600B23E35 /* CM_CateListView.swift in Sources */,
				63D8A07C2A026DA300D2FBFD /* PhotoCollection.swift in Sources */,
				638E119129E3F996005CA2EA /* MainView.swift in Sources */,
				63B70A442A1C9FA800527D0D /* BorderModifier.swift in Sources */,
				63325A5029F1006500CF3A48 /* SearchMainView.swift in Sources */,
				63F20ABC2A17638700896597 /* AuthCredential.swift in Sources */,
				63F20ACE2A177AEC00896597 /* DiagnosisInfoView.swift in Sources */,
				6385AE382A07C55A00D6CA76 /* CoinImageView.swift in Sources */,
				63139C382A221DAA000CDBBA /* ExpertMainView.swift in Sources */,
				63F20AC72A17652400896597 /* TokenResponse.swift in Sources */,
				63F096FB2A135B37005DA59C /* CropDurationView.swift in Sources */,
				63E5898B29E7DD0A00E38CBB /* ColorExtension.swift in Sources */,
				6310E1672A0E44BC0071326C /* LocationService.swift in Sources */,
				6357C7012A2066E80094162C /* OutbreakModel.swift in Sources */,
				63255F3C2A2FAB41008EF09D /* DiseaseInfoModel.swift in Sources */,
				63325A4929F0EFC000CF3A48 /* CustomSegmentView.swift in Sources */,
				63F20AC32A1764E900896597 /* TokenData.swift in Sources */,
				637F5ABA2A1CF32E00D0A5C2 /* AuthApiService.swift in Sources */,
				63F096FF2A135B82005DA59C /* MapModel.swift in Sources */,
				638AEF7E29FBF433004BD2BE /* MainSearchBtn.swift in Sources */,
				63517A1B2A079FFC006DA928 /* OutBreakViewMoel.swift in Sources */,
				6356A85C29E95E1B0085206C /* MainMapBtn.swift in Sources */,
				63E173E02A221713006877EC /* MapDiseaseResponse.swift in Sources */,
				63F20AB22A17622000896597 /* ApiLogger.swift in Sources */,
				63A135A72A018CD0003A0C2D /* Camera.swift in Sources */,
				63B8D93E2A0B3B4B004EC7FC /* DiagnosisVM.swift in Sources */,
				63E3A8C229F3C8F900C5F24D /* ViewfinderView.swift in Sources */,
				6342FAD22A3053D00021B2EC /* PsisInfoVM.swift in Sources */,
				633CACA92A0B68DC00D23033 /* CIImageExtension.swift in Sources */,
				63F20AC52A17650100896597 /* UserData.swift in Sources */,
				6385AE362A07B8B200D6CA76 /* NetworkingManager.swift in Sources */,
				63A4BABC2A13E8A40018E891 /* CropModel.swift in Sources */,
				6385AE3A2A07C56F00D6CA76 /* CoinImageViewModel.swift in Sources */,
				6351AAD82A1E258A00B7A370 /* ResponseWrapper.swift in Sources */,
				63DC15F629D180FC0062691D /* UploadImageView.swift in Sources */,
				6354344029E850830037D6CD /* LottieView.swift in Sources */,
				63CC701F2A291D1B0050589E /* DiseaseInfoView.swift in Sources */,
				632680682A2CA91200B23E35 /* CM_GridItemView.swift in Sources */,
				6342FAD42A3055400021B2EC /* PsisInfoModel.swift in Sources */,
				6320EABB2A2A015700558362 /* PesticideDetailSheet.swift in Sources */,
				633F69642A2280BB00FFC891 /* DiseaseDetail.swift in Sources */,
				634DB8FB2A27BB7900DED6D7 /* AlamofireExtension.swift in Sources */,
				63CC701C2A29164E0050589E /* SearchItemView.swift in Sources */,
			);
			runOnlyForDeploymentPostprocessing = 0;
		};
/* End PBXSourcesBuildPhase section */

/* Begin XCBuildConfiguration section */
		63DC15F029D180ED0062691D /* Debug */ = {
			isa = XCBuildConfiguration;
			buildSettings = {
				ALWAYS_SEARCH_USER_PATHS = NO;
				CLANG_ANALYZER_NONNULL = YES;
				CLANG_ANALYZER_NUMBER_OBJECT_CONVERSION = YES_AGGRESSIVE;
				CLANG_CXX_LANGUAGE_STANDARD = "gnu++20";
				CLANG_ENABLE_MODULES = YES;
				CLANG_ENABLE_OBJC_ARC = YES;
				CLANG_ENABLE_OBJC_WEAK = YES;
				CLANG_WARN_BLOCK_CAPTURE_AUTORELEASING = YES;
				CLANG_WARN_BOOL_CONVERSION = YES;
				CLANG_WARN_COMMA = YES;
				CLANG_WARN_CONSTANT_CONVERSION = YES;
				CLANG_WARN_DEPRECATED_OBJC_IMPLEMENTATIONS = YES;
				CLANG_WARN_DIRECT_OBJC_ISA_USAGE = YES_ERROR;
				CLANG_WARN_DOCUMENTATION_COMMENTS = YES;
				CLANG_WARN_EMPTY_BODY = YES;
				CLANG_WARN_ENUM_CONVERSION = YES;
				CLANG_WARN_INFINITE_RECURSION = YES;
				CLANG_WARN_INT_CONVERSION = YES;
				CLANG_WARN_NON_LITERAL_NULL_CONVERSION = YES;
				CLANG_WARN_OBJC_IMPLICIT_RETAIN_SELF = YES;
				CLANG_WARN_OBJC_LITERAL_CONVERSION = YES;
				CLANG_WARN_OBJC_ROOT_CLASS = YES_ERROR;
				CLANG_WARN_QUOTED_INCLUDE_IN_FRAMEWORK_HEADER = YES;
				CLANG_WARN_RANGE_LOOP_ANALYSIS = YES;
				CLANG_WARN_STRICT_PROTOTYPES = YES;
				CLANG_WARN_SUSPICIOUS_MOVE = YES;
				CLANG_WARN_UNGUARDED_AVAILABILITY = YES_AGGRESSIVE;
				CLANG_WARN_UNREACHABLE_CODE = YES;
				CLANG_WARN__DUPLICATE_METHOD_MATCH = YES;
				COPY_PHASE_STRIP = NO;
				DEBUG_INFORMATION_FORMAT = dwarf;
				ENABLE_STRICT_OBJC_MSGSEND = YES;
				ENABLE_TESTABILITY = YES;
				"EXCLUDED_ARCHS[sdk=iphonesimulator*]" = arm64;
				FRAMEWORK_SEARCH_PATHS = /Users/kimtaeyoon/Documents/MyBatt/Resources/DaumMap.framework;
				GCC_C_LANGUAGE_STANDARD = gnu11;
				GCC_DYNAMIC_NO_PIC = NO;
				GCC_NO_COMMON_BLOCKS = YES;
				GCC_OPTIMIZATION_LEVEL = 0;
				GCC_PREPROCESSOR_DEFINITIONS = (
					"DEBUG=1",
					"$(inherited)",
				);
				GCC_WARN_64_TO_32_BIT_CONVERSION = YES;
				GCC_WARN_ABOUT_RETURN_TYPE = YES_ERROR;
				GCC_WARN_UNDECLARED_SELECTOR = YES;
				GCC_WARN_UNINITIALIZED_AUTOS = YES_AGGRESSIVE;
				GCC_WARN_UNUSED_FUNCTION = YES;
				GCC_WARN_UNUSED_VARIABLE = YES;
				IPHONEOS_DEPLOYMENT_TARGET = 16.4;
				MTL_ENABLE_DEBUG_INFO = INCLUDE_SOURCE;
				MTL_FAST_MATH = YES;
				ONLY_ACTIVE_ARCH = YES;
				SDKROOT = iphoneos;
				SWIFT_ACTIVE_COMPILATION_CONDITIONS = DEBUG;
				SWIFT_OBJC_BRIDGING_HEADER = /Users/kimtaeyoon/Documents/MyBatt/MyBatt/Helper/MapHelper/KakaoBridgeHeader.h;
				SWIFT_OPTIMIZATION_LEVEL = "-Onone";
			};
			name = Debug;
		};
		63DC15F129D180ED0062691D /* Release */ = {
			isa = XCBuildConfiguration;
			buildSettings = {
				ALWAYS_SEARCH_USER_PATHS = NO;
				CLANG_ANALYZER_NONNULL = YES;
				CLANG_ANALYZER_NUMBER_OBJECT_CONVERSION = YES_AGGRESSIVE;
				CLANG_CXX_LANGUAGE_STANDARD = "gnu++20";
				CLANG_ENABLE_MODULES = YES;
				CLANG_ENABLE_OBJC_ARC = YES;
				CLANG_ENABLE_OBJC_WEAK = YES;
				CLANG_WARN_BLOCK_CAPTURE_AUTORELEASING = YES;
				CLANG_WARN_BOOL_CONVERSION = YES;
				CLANG_WARN_COMMA = YES;
				CLANG_WARN_CONSTANT_CONVERSION = YES;
				CLANG_WARN_DEPRECATED_OBJC_IMPLEMENTATIONS = YES;
				CLANG_WARN_DIRECT_OBJC_ISA_USAGE = YES_ERROR;
				CLANG_WARN_DOCUMENTATION_COMMENTS = YES;
				CLANG_WARN_EMPTY_BODY = YES;
				CLANG_WARN_ENUM_CONVERSION = YES;
				CLANG_WARN_INFINITE_RECURSION = YES;
				CLANG_WARN_INT_CONVERSION = YES;
				CLANG_WARN_NON_LITERAL_NULL_CONVERSION = YES;
				CLANG_WARN_OBJC_IMPLICIT_RETAIN_SELF = YES;
				CLANG_WARN_OBJC_LITERAL_CONVERSION = YES;
				CLANG_WARN_OBJC_ROOT_CLASS = YES_ERROR;
				CLANG_WARN_QUOTED_INCLUDE_IN_FRAMEWORK_HEADER = YES;
				CLANG_WARN_RANGE_LOOP_ANALYSIS = YES;
				CLANG_WARN_STRICT_PROTOTYPES = YES;
				CLANG_WARN_SUSPICIOUS_MOVE = YES;
				CLANG_WARN_UNGUARDED_AVAILABILITY = YES_AGGRESSIVE;
				CLANG_WARN_UNREACHABLE_CODE = YES;
				CLANG_WARN__DUPLICATE_METHOD_MATCH = YES;
				COPY_PHASE_STRIP = NO;
				DEBUG_INFORMATION_FORMAT = "dwarf-with-dsym";
				ENABLE_NS_ASSERTIONS = NO;
				ENABLE_STRICT_OBJC_MSGSEND = YES;
				"EXCLUDED_ARCHS[sdk=iphonesimulator*]" = arm64;
				FRAMEWORK_SEARCH_PATHS = /Users/kimtaeyoon/Documents/MyBatt/Resources/DaumMap.framework;
				GCC_C_LANGUAGE_STANDARD = gnu11;
				GCC_NO_COMMON_BLOCKS = YES;
				GCC_WARN_64_TO_32_BIT_CONVERSION = YES;
				GCC_WARN_ABOUT_RETURN_TYPE = YES_ERROR;
				GCC_WARN_UNDECLARED_SELECTOR = YES;
				GCC_WARN_UNINITIALIZED_AUTOS = YES_AGGRESSIVE;
				GCC_WARN_UNUSED_FUNCTION = YES;
				GCC_WARN_UNUSED_VARIABLE = YES;
				IPHONEOS_DEPLOYMENT_TARGET = 16.4;
				MTL_ENABLE_DEBUG_INFO = NO;
				MTL_FAST_MATH = YES;
				SDKROOT = iphoneos;
				SWIFT_COMPILATION_MODE = wholemodule;
				SWIFT_OBJC_BRIDGING_HEADER = /Users/kimtaeyoon/Documents/MyBatt/MyBatt/Helper/MapHelper/KakaoBridgeHeader.h;
				SWIFT_OPTIMIZATION_LEVEL = "-O";
				VALIDATE_PRODUCT = YES;
			};
			name = Release;
		};
		63DC15F329D180ED0062691D /* Debug */ = {
			isa = XCBuildConfiguration;
			baseConfigurationReference = 631332C42A03A0AB00CDE9B3 /* Config.xcconfig */;
			buildSettings = {
				ASSETCATALOG_COMPILER_APPICON_NAME = AppIcon;
				ASSETCATALOG_COMPILER_GLOBAL_ACCENT_COLOR_NAME = AccentColor;
				CLANG_ENABLE_OBJC_ARC = NO;
				CODE_SIGN_STYLE = Automatic;
				CURRENT_PROJECT_VERSION = 1;
				DEVELOPMENT_ASSET_PATHS = "\"MyBatt/Preview Content\"";
				DEVELOPMENT_TEAM = 3W9F68ZTUJ;
				ENABLE_PREVIEWS = YES;
				FRAMEWORK_SEARCH_PATHS = (
					"$(inherited)",
					"$(PROJECT_DIR)/Resources",
				);
				GENERATE_INFOPLIST_FILE = YES;
				INFOPLIST_FILE = MyBatt/Info.plist;
				INFOPLIST_KEY_LSApplicationCategoryType = "";
				INFOPLIST_KEY_NSCameraUsageDescription = "카메라 접근 허용해줘잉";
				INFOPLIST_KEY_NSLocationAlwaysAndWhenInUseUsageDescription = "위치를 허용할까요?";
				INFOPLIST_KEY_NSLocationAlwaysUsageDescription = "위치를 허용할까요?!?!?!?!?!?";
				INFOPLIST_KEY_NSLocationWhenInUseUsageDescription = "위치 좀 쓰자!!";
				INFOPLIST_KEY_NSPhotoLibraryAddUsageDescription = "앨범 좀 허용 해줘!!!!";
				INFOPLIST_KEY_NSPhotoLibraryUsageDescription = "앨범 좀 쓰자!!";
				INFOPLIST_KEY_UIApplicationSceneManifest_Generation = YES;
				INFOPLIST_KEY_UIApplicationSupportsIndirectInputEvents = YES;
				INFOPLIST_KEY_UILaunchScreen_Generation = YES;
				INFOPLIST_KEY_UIStatusBarStyle = "";
				INFOPLIST_KEY_UISupportedInterfaceOrientations = UIInterfaceOrientationPortrait;
				INFOPLIST_KEY_UISupportedInterfaceOrientations_iPad = "UIInterfaceOrientationLandscapeLeft UIInterfaceOrientationLandscapeRight UIInterfaceOrientationPortrait UIInterfaceOrientationPortraitUpsideDown";
				INFOPLIST_KEY_UIUserInterfaceStyle = Light;
				IPHONEOS_DEPLOYMENT_TARGET = 15.1;
				LD_RUNPATH_SEARCH_PATHS = (
					"$(inherited)",
					"@executable_path/Frameworks",
				);
				MARKETING_VERSION = 1.0;
				PRODUCT_BUNDLE_IDENTIFIER = ii.MyBatt;
				PRODUCT_NAME = "$(TARGET_NAME)";
				SUPPORTED_PLATFORMS = "iphoneos iphonesimulator";
				SUPPORTS_MACCATALYST = NO;
				SUPPORTS_MAC_DESIGNED_FOR_IPHONE_IPAD = NO;
				SWIFT_EMIT_LOC_STRINGS = YES;
				SWIFT_OBJC_BRIDGING_HEADER = /Users/kimtaeyoon/Documents/MyBatt/KakaoBridging.h;
				SWIFT_VERSION = 5.0;
				TARGETED_DEVICE_FAMILY = 1;
			};
			name = Debug;
		};
		63DC15F429D180ED0062691D /* Release */ = {
			isa = XCBuildConfiguration;
			baseConfigurationReference = 631332C42A03A0AB00CDE9B3 /* Config.xcconfig */;
			buildSettings = {
				ASSETCATALOG_COMPILER_APPICON_NAME = AppIcon;
				ASSETCATALOG_COMPILER_GLOBAL_ACCENT_COLOR_NAME = AccentColor;
				CLANG_ENABLE_OBJC_ARC = NO;
				CODE_SIGN_STYLE = Automatic;
				CURRENT_PROJECT_VERSION = 1;
				DEVELOPMENT_ASSET_PATHS = "\"MyBatt/Preview Content\"";
				DEVELOPMENT_TEAM = 3W9F68ZTUJ;
				ENABLE_PREVIEWS = YES;
				FRAMEWORK_SEARCH_PATHS = (
					"$(inherited)",
					"$(PROJECT_DIR)/Resources",
				);
				GENERATE_INFOPLIST_FILE = YES;
				INFOPLIST_FILE = MyBatt/Info.plist;
				INFOPLIST_KEY_LSApplicationCategoryType = "";
				INFOPLIST_KEY_NSCameraUsageDescription = "카메라 접근 허용해줘잉";
				INFOPLIST_KEY_NSLocationAlwaysAndWhenInUseUsageDescription = "위치를 허용할까요?";
				INFOPLIST_KEY_NSLocationAlwaysUsageDescription = "위치를 허용할까요?!?!?!?!?!?";
				INFOPLIST_KEY_NSLocationWhenInUseUsageDescription = "위치 좀 쓰자!!";
				INFOPLIST_KEY_NSPhotoLibraryAddUsageDescription = "앨범 좀 허용 해줘!!!!";
				INFOPLIST_KEY_NSPhotoLibraryUsageDescription = "앨범 좀 쓰자!!";
				INFOPLIST_KEY_UIApplicationSceneManifest_Generation = YES;
				INFOPLIST_KEY_UIApplicationSupportsIndirectInputEvents = YES;
				INFOPLIST_KEY_UILaunchScreen_Generation = YES;
				INFOPLIST_KEY_UIStatusBarStyle = "";
				INFOPLIST_KEY_UISupportedInterfaceOrientations = UIInterfaceOrientationPortrait;
				INFOPLIST_KEY_UISupportedInterfaceOrientations_iPad = "UIInterfaceOrientationLandscapeLeft UIInterfaceOrientationLandscapeRight UIInterfaceOrientationPortrait UIInterfaceOrientationPortraitUpsideDown";
				INFOPLIST_KEY_UIUserInterfaceStyle = Light;
				IPHONEOS_DEPLOYMENT_TARGET = 15.1;
				LD_RUNPATH_SEARCH_PATHS = (
					"$(inherited)",
					"@executable_path/Frameworks",
				);
				MARKETING_VERSION = 1.0;
				PRODUCT_BUNDLE_IDENTIFIER = ii.MyBatt;
				PRODUCT_NAME = "$(TARGET_NAME)";
				SUPPORTED_PLATFORMS = "iphoneos iphonesimulator";
				SUPPORTS_MACCATALYST = NO;
				SUPPORTS_MAC_DESIGNED_FOR_IPHONE_IPAD = NO;
				SWIFT_EMIT_LOC_STRINGS = YES;
				SWIFT_OBJC_BRIDGING_HEADER = /Users/kimtaeyoon/Documents/MyBatt/KakaoBridging.h;
				SWIFT_VERSION = 5.0;
				TARGETED_DEVICE_FAMILY = 1;
			};
			name = Release;
		};
/* End XCBuildConfiguration section */

/* Begin XCConfigurationList section */
		63DC15DF29D180ED0062691D /* Build configuration list for PBXProject "MyBatt" */ = {
			isa = XCConfigurationList;
			buildConfigurations = (
				63DC15F029D180ED0062691D /* Debug */,
				63DC15F129D180ED0062691D /* Release */,
			);
			defaultConfigurationIsVisible = 0;
			defaultConfigurationName = Release;
		};
		63DC15F229D180ED0062691D /* Build configuration list for PBXNativeTarget "MyBatt" */ = {
			isa = XCConfigurationList;
			buildConfigurations = (
				63DC15F329D180ED0062691D /* Debug */,
				63DC15F429D180ED0062691D /* Release */,
			);
			defaultConfigurationIsVisible = 0;
			defaultConfigurationName = Release;
		};
/* End XCConfigurationList section */

/* Begin XCRemoteSwiftPackageReference section */
		630500862A1B5F7A007BF769 /* XCRemoteSwiftPackageReference "TOCropViewController" */ = {
			isa = XCRemoteSwiftPackageReference;
			repositoryURL = "https://github.com/TimOliver/TOCropViewController.git";
			requirement = {
				kind = upToNextMajorVersion;
				minimumVersion = 2.0.0;
			};
		};
		633E650D2A123E9C00E50EC5 /* XCRemoteSwiftPackageReference "NativePartialSheet" */ = {
			isa = XCRemoteSwiftPackageReference;
			repositoryURL = "https://github.com/CoolONEOfficial/NativePartialSheet.git";
			requirement = {
				kind = upToNextMajorVersion;
				minimumVersion = 2.0.0;
			};
		};
		6345E9412A0BD7D50023CB4F /* XCRemoteSwiftPackageReference "lottie-ios" */ = {
			isa = XCRemoteSwiftPackageReference;
			repositoryURL = "https://github.com/airbnb/lottie-ios.git";
			requirement = {
				kind = upToNextMajorVersion;
				minimumVersion = 4.0.0;
			};
		};
		63DB826F2A1BC11C00842F75 /* XCRemoteSwiftPackageReference "PopupView" */ = {
			isa = XCRemoteSwiftPackageReference;
			repositoryURL = "https://github.com/exyte/PopupView.git";
			requirement = {
				kind = upToNextMajorVersion;
				minimumVersion = 2.0.0;
			};
		};
		63F20AA92A175F6E00896597 /* XCRemoteSwiftPackageReference "Alamofire" */ = {
			isa = XCRemoteSwiftPackageReference;
			repositoryURL = "https://github.com/Alamofire/Alamofire.git";
			requirement = {
				kind = upToNextMajorVersion;
				minimumVersion = 5.0.0;
			};
		};
/* End XCRemoteSwiftPackageReference section */

/* Begin XCSwiftPackageProductDependency section */
		630500872A1B5F7A007BF769 /* CropViewController */ = {
			isa = XCSwiftPackageProductDependency;
			package = 630500862A1B5F7A007BF769 /* XCRemoteSwiftPackageReference "TOCropViewController" */;
			productName = CropViewController;
		};
		633E650E2A123E9C00E50EC5 /* NativePartialSheet */ = {
			isa = XCSwiftPackageProductDependency;
			package = 633E650D2A123E9C00E50EC5 /* XCRemoteSwiftPackageReference "NativePartialSheet" */;
			productName = NativePartialSheet;
		};
		6345E9422A0BD7D50023CB4F /* Lottie */ = {
			isa = XCSwiftPackageProductDependency;
			package = 6345E9412A0BD7D50023CB4F /* XCRemoteSwiftPackageReference "lottie-ios" */;
			productName = Lottie;
		};
		63DB82702A1BC11D00842F75 /* PopupView */ = {
			isa = XCSwiftPackageProductDependency;
			package = 63DB826F2A1BC11C00842F75 /* XCRemoteSwiftPackageReference "PopupView" */;
			productName = PopupView;
		};
		63F20AAA2A175F6E00896597 /* Alamofire */ = {
			isa = XCSwiftPackageProductDependency;
			package = 63F20AA92A175F6E00896597 /* XCRemoteSwiftPackageReference "Alamofire" */;
			productName = Alamofire;
		};
/* End XCSwiftPackageProductDependency section */
	};
	rootObject = 63DC15DC29D180ED0062691D /* Project object */;
}
